// !$*UTF8*$!
{
	archiveVersion = 1;
	classes = {
	};
	objectVersion = 77;
	objects = {

/* Begin PBXBuildFile section */
		07400D169D4529EF64186AA6 /* MixerGraphTests.swift in Sources */ = {isa = PBXBuildFile; fileRef = 7C19B0D51EEAC5C479EB5C22 /* MixerGraphTests.swift */; };
		0C262BF3CA30E99536F3D2A0 /* EncodingQueueTests.swift in Sources */ = {isa = PBXBuildFile; fileRef = 3DE541C93D30129875B74D71 /* EncodingQueueTests.swift */; };
		0E8602AEDBA11A8DA831C60F /* KeyboardShortcuts in Frameworks */ = {isa = PBXBuildFile; productRef = 42F6F183B7D9C8F6EF222164 /* KeyboardShortcuts */; };
		188E9C67477AC7F65CC41251 /* lame.xcframework in Frameworks */ = {isa = PBXBuildFile; fileRef = 2F86D8EE1DE8E206CEE357A8 /* lame.xcframework */; };
		1F9722935AF827FB75B81230 /* WAVWriterRecoveryTests.swift in Sources */ = {isa = PBXBuildFile; fileRef = D5BF8AC29D8A64947CB8F3E6 /* WAVWriterRecoveryTests.swift */; };
		2E859A44DEB18515F4080ADD /* EncodingQueue.swift in Sources */ = {isa = PBXBuildFile; fileRef = D274654D7BDCC37DD4E742B2 /* EncodingQueue.swift */; };
		307DAA04B3DA7A5B6DF33ECA /* LameEncoder.swift in Sources */ = {isa = PBXBuildFile; fileRef = 7F8A3DDD7570D8A31E8E637F /* LameEncoder.swift */; };
		321AC7A511632F5804D0897A /* LameVersionTest.swift in Sources */ = {isa = PBXBuildFile; fileRef = D9D2214898D61EE387033CCC /* LameVersionTest.swift */; };
		48C56173F0CCCE24F6EC044A /* FormatNormalizer.swift in Sources */ = {isa = PBXBuildFile; fileRef = 51DDCCD136484A0F6E1E0579 /* FormatNormalizer.swift */; };
		4FC5BB61C56C7A877432F0D5 /* ProcessTapCaptureTests.swift in Sources */ = {isa = PBXBuildFile; fileRef = 22A5C2CDCA25989152A90BE4 /* ProcessTapCaptureTests.swift */; };
		5457FB4B84966164F27232CD /* WAVWriterTests.swift in Sources */ = {isa = PBXBuildFile; fileRef = DACCF4D5EA1527F617A446CB /* WAVWriterTests.swift */; };
		58FDF46E2D66F1123B3F6AD6 /* RecordingSession.swift in Sources */ = {isa = PBXBuildFile; fileRef = 4B9A488F29EA8095D03D910C /* RecordingSession.swift */; };
		6A5CC80D047842E67F90EAC3 /* RecordingSessionTests.swift in Sources */ = {isa = PBXBuildFile; fileRef = 84F94C86553FF79CBA1215DF /* RecordingSessionTests.swift */; };
		7B292E265F9938C79320E44B /* MeterRingBuffer.swift in Sources */ = {isa = PBXBuildFile; fileRef = D0D07964E7334BE5C01BB19B /* MeterRingBuffer.swift */; };
		8281C6BDA4853A4718C034FE /* LevelMeterTests.swift in Sources */ = {isa = PBXBuildFile; fileRef = 35FAA8038879552EEDA01588 /* LevelMeterTests.swift */; };
		9492ACE5C7C16660429CF055 /* LameEncoderTests.swift in Sources */ = {isa = PBXBuildFile; fileRef = C681A5C225CE19CCE0F91F97 /* LameEncoderTests.swift */; };
		AC802229FA42283C4C300C97 /* WAVWriter.swift in Sources */ = {isa = PBXBuildFile; fileRef = 1836DFD74026FFB5AED13075 /* WAVWriter.swift */; };
		AF31B86D1E7922FA17CEC5D8 /* ProcessTapCapture.swift in Sources */ = {isa = PBXBuildFile; fileRef = 458596604046914E352942E4 /* ProcessTapCapture.swift */; };
		B48DDD9A227ABF9CD9E8853C /* MeterTap.swift in Sources */ = {isa = PBXBuildFile; fileRef = EC8B057452AFFA45451A60E0 /* MeterTap.swift */; };
		B4BAD655C8CDC7461CD663D1 /* AudioSourceCatalogTests.swift in Sources */ = {isa = PBXBuildFile; fileRef = 9BA8AE4BA249D8FD5C028CDB /* AudioSourceCatalogTests.swift */; };
		BADE53E295CC3F29F3ADAE45 /* MeterPublisher.swift in Sources */ = {isa = PBXBuildFile; fileRef = 340C4DC1D733DC0C34B9C343 /* MeterPublisher.swift */; };
		C84B19A234F26028C87F45E6 /* FormatNormalizerTests.swift in Sources */ = {isa = PBXBuildFile; fileRef = 45087AD9F50EEF7CA29E41E0 /* FormatNormalizerTests.swift */; };
		CBA27759ABD2A312303ABE7C /* ContentView.swift in Sources */ = {isa = PBXBuildFile; fileRef = 400CF837AB2D02454A0D3B72 /* ContentView.swift */; };
		E1DD11C5C2A3C67490604BF2 /* MicrophoneCaptureTests.swift in Sources */ = {isa = PBXBuildFile; fileRef = F8D314C69246D5C1CA87BC25 /* MicrophoneCaptureTests.swift */; };
		EA3FE9E45B41C3C16F8BF1E3 /* MicrophoneCapture.swift in Sources */ = {isa = PBXBuildFile; fileRef = 1826FCCEDEEEA327E96FC49B /* MicrophoneCapture.swift */; };
		F4BD98F4A778A7AECE5C37DC /* SystemAudioToMP3App.swift in Sources */ = {isa = PBXBuildFile; fileRef = 57DA0AC7E833BEEEDAB32476 /* SystemAudioToMP3App.swift */; };
		FC5D28F6E148660A122C45F6 /* MixerGraph.swift in Sources */ = {isa = PBXBuildFile; fileRef = BE2B38634BD218CA684BBA30 /* MixerGraph.swift */; };
		FF5103791994F34BBFEBC95E /* AudioSourceCatalog.swift in Sources */ = {isa = PBXBuildFile; fileRef = 99E9266D32F8840BDAFA64AD /* AudioSourceCatalog.swift */; };
/* End PBXBuildFile section */

/* Begin PBXContainerItemProxy section */
		91A8D96B5DEE3B5507490FF2 /* PBXContainerItemProxy */ = {
			isa = PBXContainerItemProxy;
			containerPortal = 8DC3750AFDD0576D80D752C8 /* Project object */;
			proxyType = 1;
			remoteGlobalIDString = 854FFD5B66898B46AC310135;
			remoteInfo = SystemAudioToMP3;
		};
/* End PBXContainerItemProxy section */

/* Begin PBXFileReference section */
		1826FCCEDEEEA327E96FC49B /* MicrophoneCapture.swift */ = {isa = PBXFileReference; lastKnownFileType = sourcecode.swift; path = MicrophoneCapture.swift; sourceTree = "<group>"; };
		1836DFD74026FFB5AED13075 /* WAVWriter.swift */ = {isa = PBXFileReference; lastKnownFileType = sourcecode.swift; path = WAVWriter.swift; sourceTree = "<group>"; };
		22A5C2CDCA25989152A90BE4 /* ProcessTapCaptureTests.swift */ = {isa = PBXFileReference; lastKnownFileType = sourcecode.swift; path = ProcessTapCaptureTests.swift; sourceTree = "<group>"; };
		2F86D8EE1DE8E206CEE357A8 /* lame.xcframework */ = {isa = PBXFileReference; lastKnownFileType = wrapper.xcframework; name = lame.xcframework; path = Vendor/lame.xcframework; sourceTree = "<group>"; };
		340C4DC1D733DC0C34B9C343 /* MeterPublisher.swift */ = {isa = PBXFileReference; lastKnownFileType = sourcecode.swift; path = MeterPublisher.swift; sourceTree = "<group>"; };
		35FAA8038879552EEDA01588 /* LevelMeterTests.swift */ = {isa = PBXFileReference; lastKnownFileType = sourcecode.swift; path = LevelMeterTests.swift; sourceTree = "<group>"; };
		3DE541C93D30129875B74D71 /* EncodingQueueTests.swift */ = {isa = PBXFileReference; lastKnownFileType = sourcecode.swift; path = EncodingQueueTests.swift; sourceTree = "<group>"; };
		400CF837AB2D02454A0D3B72 /* ContentView.swift */ = {isa = PBXFileReference; lastKnownFileType = sourcecode.swift; path = ContentView.swift; sourceTree = "<group>"; };
		411B9AD6DEDB73CE8CBB0F42 /* .gitkeep */ = {isa = PBXFileReference; path = .gitkeep; sourceTree = "<group>"; };
		45087AD9F50EEF7CA29E41E0 /* FormatNormalizerTests.swift */ = {isa = PBXFileReference; lastKnownFileType = sourcecode.swift; path = FormatNormalizerTests.swift; sourceTree = "<group>"; };
		458596604046914E352942E4 /* ProcessTapCapture.swift */ = {isa = PBXFileReference; lastKnownFileType = sourcecode.swift; path = ProcessTapCapture.swift; sourceTree = "<group>"; };
		4B9A488F29EA8095D03D910C /* RecordingSession.swift */ = {isa = PBXFileReference; lastKnownFileType = sourcecode.swift; path = RecordingSession.swift; sourceTree = "<group>"; };
		51DDCCD136484A0F6E1E0579 /* FormatNormalizer.swift */ = {isa = PBXFileReference; lastKnownFileType = sourcecode.swift; path = FormatNormalizer.swift; sourceTree = "<group>"; };
		57DA0AC7E833BEEEDAB32476 /* SystemAudioToMP3App.swift */ = {isa = PBXFileReference; lastKnownFileType = sourcecode.swift; path = SystemAudioToMP3App.swift; sourceTree = "<group>"; };
		5A53E036CF32036C7B423296 /* SystemAudioToMP3.app */ = {isa = PBXFileReference; explicitFileType = wrapper.application; includeInIndex = 0; path = SystemAudioToMP3.app; sourceTree = BUILT_PRODUCTS_DIR; };
		5B9648610DFF22366A3902FD /* Info.plist */ = {isa = PBXFileReference; lastKnownFileType = text.plist; path = Info.plist; sourceTree = "<group>"; };
		7C19B0D51EEAC5C479EB5C22 /* MixerGraphTests.swift */ = {isa = PBXFileReference; lastKnownFileType = sourcecode.swift; path = MixerGraphTests.swift; sourceTree = "<group>"; };
		7F8A3DDD7570D8A31E8E637F /* LameEncoder.swift */ = {isa = PBXFileReference; lastKnownFileType = sourcecode.swift; path = LameEncoder.swift; sourceTree = "<group>"; };
		804127FF177E5F203BED7EA4 /* SystemAudioToMP3.entitlements */ = {isa = PBXFileReference; lastKnownFileType = text.plist.entitlements; path = SystemAudioToMP3.entitlements; sourceTree = "<group>"; };
		84F94C86553FF79CBA1215DF /* RecordingSessionTests.swift */ = {isa = PBXFileReference; lastKnownFileType = sourcecode.swift; path = RecordingSessionTests.swift; sourceTree = "<group>"; };
		9792E82815434D3EF8CE7968 /* .gitkeep */ = {isa = PBXFileReference; path = .gitkeep; sourceTree = "<group>"; };
		99E9266D32F8840BDAFA64AD /* AudioSourceCatalog.swift */ = {isa = PBXFileReference; lastKnownFileType = sourcecode.swift; path = AudioSourceCatalog.swift; sourceTree = "<group>"; };
		9BA8AE4BA249D8FD5C028CDB /* AudioSourceCatalogTests.swift */ = {isa = PBXFileReference; lastKnownFileType = sourcecode.swift; path = AudioSourceCatalogTests.swift; sourceTree = "<group>"; };
		BE2B38634BD218CA684BBA30 /* MixerGraph.swift */ = {isa = PBXFileReference; lastKnownFileType = sourcecode.swift; path = MixerGraph.swift; sourceTree = "<group>"; };
		C681A5C225CE19CCE0F91F97 /* LameEncoderTests.swift */ = {isa = PBXFileReference; lastKnownFileType = sourcecode.swift; path = LameEncoderTests.swift; sourceTree = "<group>"; };
		D0D07964E7334BE5C01BB19B /* MeterRingBuffer.swift */ = {isa = PBXFileReference; lastKnownFileType = sourcecode.swift; path = MeterRingBuffer.swift; sourceTree = "<group>"; };
		D0DBC44E4045728ABD307123 /* .gitkeep */ = {isa = PBXFileReference; path = .gitkeep; sourceTree = "<group>"; };
		D274654D7BDCC37DD4E742B2 /* EncodingQueue.swift */ = {isa = PBXFileReference; lastKnownFileType = sourcecode.swift; path = EncodingQueue.swift; sourceTree = "<group>"; };
		D5BF8AC29D8A64947CB8F3E6 /* WAVWriterRecoveryTests.swift */ = {isa = PBXFileReference; lastKnownFileType = sourcecode.swift; path = WAVWriterRecoveryTests.swift; sourceTree = "<group>"; };
		D9D2214898D61EE387033CCC /* LameVersionTest.swift */ = {isa = PBXFileReference; lastKnownFileType = sourcecode.swift; path = LameVersionTest.swift; sourceTree = "<group>"; };
		DACCF4D5EA1527F617A446CB /* WAVWriterTests.swift */ = {isa = PBXFileReference; lastKnownFileType = sourcecode.swift; path = WAVWriterTests.swift; sourceTree = "<group>"; };
		EC8B057452AFFA45451A60E0 /* MeterTap.swift */ = {isa = PBXFileReference; lastKnownFileType = sourcecode.swift; path = MeterTap.swift; sourceTree = "<group>"; };
		F7305ECE0C12BDC5984DA297 /* .gitkeep */ = {isa = PBXFileReference; path = .gitkeep; sourceTree = "<group>"; };
		F8D314C69246D5C1CA87BC25 /* MicrophoneCaptureTests.swift */ = {isa = PBXFileReference; lastKnownFileType = sourcecode.swift; path = MicrophoneCaptureTests.swift; sourceTree = "<group>"; };
		F9B10AF7B63FD5CD4E48799A /* AudioEngineTests.xctest */ = {isa = PBXFileReference; explicitFileType = wrapper.cfbundle; includeInIndex = 0; path = AudioEngineTests.xctest; sourceTree = BUILT_PRODUCTS_DIR; };
/* End PBXFileReference section */

/* Begin PBXFrameworksBuildPhase section */
		AF4349C1B4115D3911761A8C /* Frameworks */ = {
			isa = PBXFrameworksBuildPhase;
			buildActionMask = 2147483647;
			files = (
				0E8602AEDBA11A8DA831C60F /* KeyboardShortcuts in Frameworks */,
				188E9C67477AC7F65CC41251 /* lame.xcframework in Frameworks */,
			);
			runOnlyForDeploymentPostprocessing = 0;
		};
/* End PBXFrameworksBuildPhase section */

/* Begin PBXGroup section */
		0DFB3F06198B337164A555E9 /* Hotkey */ = {
			isa = PBXGroup;
			children = (
				D0DBC44E4045728ABD307123 /* .gitkeep */,
			);
			path = Hotkey;
			sourceTree = "<group>";
		};
		111751B13489EB72B1D6DA9F /* Recording */ = {
			isa = PBXGroup;
			children = (
				4B9A488F29EA8095D03D910C /* RecordingSession.swift */,
				1836DFD74026FFB5AED13075 /* WAVWriter.swift */,
			);
			path = Recording;
			sourceTree = "<group>";
		};
		13D796CECA2ED05FE866D21F /* AudioEngine */ = {
			isa = PBXGroup;
			children = (
				F7305ECE0C12BDC5984DA297 /* .gitkeep */,
				8537138CAF073CDA19293D3D /* Capture */,
				443A0E4A2BFD9C231667F4DF /* Encoding */,
				ECCF08E6FCB5DEBBC8726E99 /* Meter */,
				8820585ABD6E33424FB2C792 /* Mixer */,
				111751B13489EB72B1D6DA9F /* Recording */,
			);
			path = AudioEngine;
			sourceTree = "<group>";
		};
		1F1C64756223B774B315EA30 /* Products */ = {
			isa = PBXGroup;
			children = (
				F9B10AF7B63FD5CD4E48799A /* AudioEngineTests.xctest */,
				5A53E036CF32036C7B423296 /* SystemAudioToMP3.app */,
			);
			name = Products;
			sourceTree = "<group>";
		};
		443A0E4A2BFD9C231667F4DF /* Encoding */ = {
			isa = PBXGroup;
			children = (
				D274654D7BDCC37DD4E742B2 /* EncodingQueue.swift */,
				7F8A3DDD7570D8A31E8E637F /* LameEncoder.swift */,
				D9D2214898D61EE387033CCC /* LameVersionTest.swift */,
			);
			path = Encoding;
			sourceTree = "<group>";
		};
		5E57509BB03E75F7AA486AD1 /* Frameworks */ = {
			isa = PBXGroup;
			children = (
				2F86D8EE1DE8E206CEE357A8 /* lame.xcframework */,
			);
			name = Frameworks;
			sourceTree = "<group>";
		};
		77CF5C5A59E6278C7F64DBEF /* App */ = {
			isa = PBXGroup;
			children = (
				57DA0AC7E833BEEEDAB32476 /* SystemAudioToMP3App.swift */,
				A8552AAD23950933AFEBA545 /* Views */,
			);
			path = App;
			sourceTree = "<group>";
		};
		8537138CAF073CDA19293D3D /* Capture */ = {
			isa = PBXGroup;
			children = (
				99E9266D32F8840BDAFA64AD /* AudioSourceCatalog.swift */,
				1826FCCEDEEEA327E96FC49B /* MicrophoneCapture.swift */,
				458596604046914E352942E4 /* ProcessTapCapture.swift */,
			);
			path = Capture;
			sourceTree = "<group>";
		};
		8820585ABD6E33424FB2C792 /* Mixer */ = {
			isa = PBXGroup;
			children = (
				51DDCCD136484A0F6E1E0579 /* FormatNormalizer.swift */,
				BE2B38634BD218CA684BBA30 /* MixerGraph.swift */,
			);
			path = Mixer;
			sourceTree = "<group>";
		};
		89362D6DE99663432A2A1571 = {
			isa = PBXGroup;
			children = (
				77CF5C5A59E6278C7F64DBEF /* App */,
				13D796CECA2ED05FE866D21F /* AudioEngine */,
				0DFB3F06198B337164A555E9 /* Hotkey */,
				C4CE6720142F63E7661FEF42 /* Permissions */,
				F9A0CF4899C6FDC524E4AA30 /* Resources */,
				9FD0B2D8BF87F7D17FFF9773 /* Tests */,
				5E57509BB03E75F7AA486AD1 /* Frameworks */,
				1F1C64756223B774B315EA30 /* Products */,
			);
			sourceTree = "<group>";
		};
		986D804F6583D6C0915DC885 /* AudioEngineTests */ = {
			isa = PBXGroup;
			children = (
				9BA8AE4BA249D8FD5C028CDB /* AudioSourceCatalogTests.swift */,
				3DE541C93D30129875B74D71 /* EncodingQueueTests.swift */,
				45087AD9F50EEF7CA29E41E0 /* FormatNormalizerTests.swift */,
				C681A5C225CE19CCE0F91F97 /* LameEncoderTests.swift */,
				35FAA8038879552EEDA01588 /* LevelMeterTests.swift */,
				F8D314C69246D5C1CA87BC25 /* MicrophoneCaptureTests.swift */,
				7C19B0D51EEAC5C479EB5C22 /* MixerGraphTests.swift */,
				22A5C2CDCA25989152A90BE4 /* ProcessTapCaptureTests.swift */,
				84F94C86553FF79CBA1215DF /* RecordingSessionTests.swift */,
				D5BF8AC29D8A64947CB8F3E6 /* WAVWriterRecoveryTests.swift */,
				DACCF4D5EA1527F617A446CB /* WAVWriterTests.swift */,
			);
			path = AudioEngineTests;
			sourceTree = "<group>";
		};
		9FD0B2D8BF87F7D17FFF9773 /* Tests */ = {
			isa = PBXGroup;
			children = (
				986D804F6583D6C0915DC885 /* AudioEngineTests */,
			);
			path = Tests;
			sourceTree = "<group>";
		};
		A8552AAD23950933AFEBA545 /* Views */ = {
			isa = PBXGroup;
			children = (
				400CF837AB2D02454A0D3B72 /* ContentView.swift */,
			);
			path = Views;
			sourceTree = "<group>";
		};
		C4CE6720142F63E7661FEF42 /* Permissions */ = {
			isa = PBXGroup;
			children = (
				411B9AD6DEDB73CE8CBB0F42 /* .gitkeep */,
			);
			path = Permissions;
			sourceTree = "<group>";
		};
		ECCF08E6FCB5DEBBC8726E99 /* Meter */ = {
			isa = PBXGroup;
			children = (
				340C4DC1D733DC0C34B9C343 /* MeterPublisher.swift */,
				D0D07964E7334BE5C01BB19B /* MeterRingBuffer.swift */,
				EC8B057452AFFA45451A60E0 /* MeterTap.swift */,
			);
			path = Meter;
			sourceTree = "<group>";
		};
		F9A0CF4899C6FDC524E4AA30 /* Resources */ = {
			isa = PBXGroup;
			children = (
				9792E82815434D3EF8CE7968 /* .gitkeep */,
				5B9648610DFF22366A3902FD /* Info.plist */,
				804127FF177E5F203BED7EA4 /* SystemAudioToMP3.entitlements */,
			);
			path = Resources;
			sourceTree = "<group>";
		};
/* End PBXGroup section */

/* Begin PBXNativeTarget section */
		854FFD5B66898B46AC310135 /* SystemAudioToMP3 */ = {
			isa = PBXNativeTarget;
			buildConfigurationList = 54C66637F5968E21FD2F903B /* Build configuration list for PBXNativeTarget "SystemAudioToMP3" */;
			buildPhases = (
				64B37E29392DB3B830868824 /* Sources */,
				AF4349C1B4115D3911761A8C /* Frameworks */,
			);
			buildRules = (
			);
			dependencies = (
			);
			name = SystemAudioToMP3;
			packageProductDependencies = (
				42F6F183B7D9C8F6EF222164 /* KeyboardShortcuts */,
			);
			productName = SystemAudioToMP3;
			productReference = 5A53E036CF32036C7B423296 /* SystemAudioToMP3.app */;
			productType = "com.apple.product-type.application";
		};
		986A4166BD385F0E1204D882 /* AudioEngineTests */ = {
			isa = PBXNativeTarget;
			buildConfigurationList = B01AC1CA08CAD0D2AD8682EB /* Build configuration list for PBXNativeTarget "AudioEngineTests" */;
			buildPhases = (
				D4B983B8EE28705E6E4FF4F2 /* Sources */,
			);
			buildRules = (
			);
			dependencies = (
				4DD91B61B9FE97C5293A502B /* PBXTargetDependency */,
			);
			name = AudioEngineTests;
			packageProductDependencies = (
			);
			productName = AudioEngineTests;
			productReference = F9B10AF7B63FD5CD4E48799A /* AudioEngineTests.xctest */;
			productType = "com.apple.product-type.bundle.unit-test";
		};
/* End PBXNativeTarget section */

/* Begin PBXProject section */
		8DC3750AFDD0576D80D752C8 /* Project object */ = {
			isa = PBXProject;
			attributes = {
				BuildIndependentTargetsInParallel = YES;
				LastUpgradeCheck = 1430;
				TargetAttributes = {
					854FFD5B66898B46AC310135 = {
						DevelopmentTeam = "";
						ProvisioningStyle = Automatic;
					};
					986A4166BD385F0E1204D882 = {
						DevelopmentTeam = "";
						ProvisioningStyle = Automatic;
					};
				};
			};
			buildConfigurationList = 0DCB2528B583611B7CAA751C /* Build configuration list for PBXProject "SystemAudioToMP3" */;
			developmentRegion = en;
			hasScannedForEncodings = 0;
			knownRegions = (
				Base,
				en,
			);
			mainGroup = 89362D6DE99663432A2A1571;
			minimizedProjectReferenceProxies = 1;
			packageReferences = (
				FD63B7844C9277BEEE133A7C /* XCRemoteSwiftPackageReference "KeyboardShortcuts" */,
			);
			preferredProjectObjectVersion = 77;
			productRefGroup = 1F1C64756223B774B315EA30 /* Products */;
			projectDirPath = "";
			projectRoot = "";
			targets = (
				986A4166BD385F0E1204D882 /* AudioEngineTests */,
				854FFD5B66898B46AC310135 /* SystemAudioToMP3 */,
			);
		};
/* End PBXProject section */

/* Begin PBXSourcesBuildPhase section */
		64B37E29392DB3B830868824 /* Sources */ = {
			isa = PBXSourcesBuildPhase;
			buildActionMask = 2147483647;
			files = (
				FF5103791994F34BBFEBC95E /* AudioSourceCatalog.swift in Sources */,
				CBA27759ABD2A312303ABE7C /* ContentView.swift in Sources */,
				2E859A44DEB18515F4080ADD /* EncodingQueue.swift in Sources */,
				48C56173F0CCCE24F6EC044A /* FormatNormalizer.swift in Sources */,
				307DAA04B3DA7A5B6DF33ECA /* LameEncoder.swift in Sources */,
				321AC7A511632F5804D0897A /* LameVersionTest.swift in Sources */,
				BADE53E295CC3F29F3ADAE45 /* MeterPublisher.swift in Sources */,
				7B292E265F9938C79320E44B /* MeterRingBuffer.swift in Sources */,
				B48DDD9A227ABF9CD9E8853C /* MeterTap.swift in Sources */,
				EA3FE9E45B41C3C16F8BF1E3 /* MicrophoneCapture.swift in Sources */,
				FC5D28F6E148660A122C45F6 /* MixerGraph.swift in Sources */,
				AF31B86D1E7922FA17CEC5D8 /* ProcessTapCapture.swift in Sources */,
				58FDF46E2D66F1123B3F6AD6 /* RecordingSession.swift in Sources */,
				F4BD98F4A778A7AECE5C37DC /* SystemAudioToMP3App.swift in Sources */,
				AC802229FA42283C4C300C97 /* WAVWriter.swift in Sources */,
			);
			runOnlyForDeploymentPostprocessing = 0;
		};
		D4B983B8EE28705E6E4FF4F2 /* Sources */ = {
			isa = PBXSourcesBuildPhase;
			buildActionMask = 2147483647;
			files = (
				B4BAD655C8CDC7461CD663D1 /* AudioSourceCatalogTests.swift in Sources */,
				0C262BF3CA30E99536F3D2A0 /* EncodingQueueTests.swift in Sources */,
				C84B19A234F26028C87F45E6 /* FormatNormalizerTests.swift in Sources */,
				9492ACE5C7C16660429CF055 /* LameEncoderTests.swift in Sources */,
				8281C6BDA4853A4718C034FE /* LevelMeterTests.swift in Sources */,
				E1DD11C5C2A3C67490604BF2 /* MicrophoneCaptureTests.swift in Sources */,
				07400D169D4529EF64186AA6 /* MixerGraphTests.swift in Sources */,
				4FC5BB61C56C7A877432F0D5 /* ProcessTapCaptureTests.swift in Sources */,
				6A5CC80D047842E67F90EAC3 /* RecordingSessionTests.swift in Sources */,
				1F9722935AF827FB75B81230 /* WAVWriterRecoveryTests.swift in Sources */,
				5457FB4B84966164F27232CD /* WAVWriterTests.swift in Sources */,
			);
			runOnlyForDeploymentPostprocessing = 0;
		};
/* End PBXSourcesBuildPhase section */

/* Begin PBXTargetDependency section */
		4DD91B61B9FE97C5293A502B /* PBXTargetDependency */ = {
			isa = PBXTargetDependency;
			target = 854FFD5B66898B46AC310135 /* SystemAudioToMP3 */;
			targetProxy = 91A8D96B5DEE3B5507490FF2 /* PBXContainerItemProxy */;
		};
/* End PBXTargetDependency section */

/* Begin XCBuildConfiguration section */
		24DB527BAB6DB7830BEA46A7 /* Release */ = {
			isa = XCBuildConfiguration;
			buildSettings = {
				ASSETCATALOG_COMPILER_APPICON_NAME = AppIcon;
				CODE_SIGN_ENTITLEMENTS = Resources/SystemAudioToMP3.entitlements;
				COMBINE_HIDPI_IMAGES = YES;
				FRAMEWORK_SEARCH_PATHS = (
					"$(inherited)",
					"\"Vendor\"",
				);
				INFOPLIST_FILE = Resources/Info.plist;
				LD_RUNPATH_SEARCH_PATHS = (
					"$(inherited)",
					"@executable_path/../Frameworks",
				);
				PRODUCT_BUNDLE_IDENTIFIER = com.tomkaczocha.SystemAudioRecorder;
				PRODUCT_NAME = SystemAudioToMP3;
				SDKROOT = macosx;
			};
			name = Release;
		};
		5B208CC449E7CEA655D9C311 /* Release */ = {
			isa = XCBuildConfiguration;
			buildSettings = {
				ALWAYS_SEARCH_USER_PATHS = NO;
				ARCHS = "arm64 x86_64";
				CLANG_ANALYZER_NONNULL = YES;
				CLANG_ANALYZER_NUMBER_OBJECT_CONVERSION = YES_AGGRESSIVE;
				CLANG_CXX_LANGUAGE_STANDARD = "gnu++14";
				CLANG_CXX_LIBRARY = "libc++";
				CLANG_ENABLE_MODULES = YES;
				CLANG_ENABLE_OBJC_ARC = YES;
				CLANG_ENABLE_OBJC_WEAK = YES;
				CLANG_WARN_BLOCK_CAPTURE_AUTORELEASING = YES;
				CLANG_WARN_BOOL_CONVERSION = YES;
				CLANG_WARN_COMMA = YES;
				CLANG_WARN_CONSTANT_CONVERSION = YES;
				CLANG_WARN_DEPRECATED_OBJC_IMPLEMENTATIONS = YES;
				CLANG_WARN_DIRECT_OBJC_ISA_USAGE = YES_ERROR;
				CLANG_WARN_DOCUMENTATION_COMMENTS = YES;
				CLANG_WARN_EMPTY_BODY = YES;
				CLANG_WARN_ENUM_CONVERSION = YES;
				CLANG_WARN_INFINITE_RECURSION = YES;
				CLANG_WARN_INT_CONVERSION = YES;
				CLANG_WARN_NON_LITERAL_NULL_CONVERSION = YES;
				CLANG_WARN_OBJC_IMPLICIT_RETAIN_SELF = YES;
				CLANG_WARN_OBJC_LITERAL_CONVERSION = YES;
				CLANG_WARN_OBJC_ROOT_CLASS = YES_ERROR;
				CLANG_WARN_QUOTED_INCLUDE_IN_FRAMEWORK_HEADER = YES;
				CLANG_WARN_RANGE_LOOP_ANALYSIS = YES;
				CLANG_WARN_STRICT_PROTOTYPES = YES;
				CLANG_WARN_SUSPICIOUS_MOVE = YES;
				CLANG_WARN_UNGUARDED_AVAILABILITY = YES_AGGRESSIVE;
				CLANG_WARN_UNREACHABLE_CODE = YES;
				CLANG_WARN__DUPLICATE_METHOD_MATCH = YES;
				CODE_SIGN_IDENTITY = "-";
				CODE_SIGN_STYLE = Automatic;
				COPY_PHASE_STRIP = NO;
				DEBUG_INFORMATION_FORMAT = "dwarf-with-dsym";
				DEVELOPMENT_TEAM = "";
				ENABLE_HARDENED_RUNTIME = YES;
				ENABLE_NS_ASSERTIONS = NO;
				ENABLE_STRICT_OBJC_MSGSEND = YES;
				GCC_C_LANGUAGE_STANDARD = gnu11;
				GCC_NO_COMMON_BLOCKS = YES;
				GCC_TREAT_WARNINGS_AS_ERRORS = NO;
				GCC_WARN_64_TO_32_BIT_CONVERSION = YES;
				GCC_WARN_ABOUT_RETURN_TYPE = YES_ERROR;
				GCC_WARN_UNDECLARED_SELECTOR = YES;
				GCC_WARN_UNINITIALIZED_AUTOS = YES_AGGRESSIVE;
				GCC_WARN_UNUSED_FUNCTION = YES;
				GCC_WARN_UNUSED_VARIABLE = YES;
				GENERATE_INFOPLIST_FILE = NO;
				INFOPLIST_KEY_LSUIElement = NO;
				INFOPLIST_KEY_NSHumanReadableCopyright = "";
				MACOSX_DEPLOYMENT_TARGET = 14.4;
				MTL_ENABLE_DEBUG_INFO = NO;
				MTL_FAST_MATH = YES;
				ONLY_ACTIVE_ARCH = NO;
				PRODUCT_BUNDLE_IDENTIFIER = com.tomkaczocha.SystemAudioRecorder;
				PRODUCT_NAME = "$(TARGET_NAME)";
				SDKROOT = macosx;
				SWIFT_COMPILATION_MODE = wholemodule;
				SWIFT_OPTIMIZATION_LEVEL = "-O";
				SWIFT_TREAT_WARNINGS_AS_ERRORS = NO;
				SWIFT_VERSION = 5.10;
			};
			name = Release;
		};
		778B66F6B1AA482631EE1639 /* Debug */ = {
			isa = XCBuildConfiguration;
			buildSettings = {
				ASSETCATALOG_COMPILER_APPICON_NAME = AppIcon;
				CODE_SIGN_ENTITLEMENTS = Resources/SystemAudioToMP3.entitlements;
				COMBINE_HIDPI_IMAGES = YES;
				FRAMEWORK_SEARCH_PATHS = (
					"$(inherited)",
					"\"Vendor\"",
				);
				INFOPLIST_FILE = Resources/Info.plist;
				LD_RUNPATH_SEARCH_PATHS = (
					"$(inherited)",
					"@executable_path/../Frameworks",
				);
				PRODUCT_BUNDLE_IDENTIFIER = com.tomkaczocha.SystemAudioRecorder;
				PRODUCT_NAME = SystemAudioToMP3;
				SDKROOT = macosx;
			};
			name = Debug;
		};
		A3273C29661CBEDEDEAF51F0 /* Debug */ = {
			isa = XCBuildConfiguration;
			buildSettings = {
				ALWAYS_SEARCH_USER_PATHS = NO;
				ARCHS = "arm64 x86_64";
				CLANG_ANALYZER_NONNULL = YES;
				CLANG_ANALYZER_NUMBER_OBJECT_CONVERSION = YES_AGGRESSIVE;
				CLANG_CXX_LANGUAGE_STANDARD = "gnu++14";
				CLANG_CXX_LIBRARY = "libc++";
				CLANG_ENABLE_MODULES = YES;
				CLANG_ENABLE_OBJC_ARC = YES;
				CLANG_ENABLE_OBJC_WEAK = YES;
				CLANG_WARN_BLOCK_CAPTURE_AUTORELEASING = YES;
				CLANG_WARN_BOOL_CONVERSION = YES;
				CLANG_WARN_COMMA = YES;
				CLANG_WARN_CONSTANT_CONVERSION = YES;
				CLANG_WARN_DEPRECATED_OBJC_IMPLEMENTATIONS = YES;
				CLANG_WARN_DIRECT_OBJC_ISA_USAGE = YES_ERROR;
				CLANG_WARN_DOCUMENTATION_COMMENTS = YES;
				CLANG_WARN_EMPTY_BODY = YES;
				CLANG_WARN_ENUM_CONVERSION = YES;
				CLANG_WARN_INFINITE_RECURSION = YES;
				CLANG_WARN_INT_CONVERSION = YES;
				CLANG_WARN_NON_LITERAL_NULL_CONVERSION = YES;
				CLANG_WARN_OBJC_IMPLICIT_RETAIN_SELF = YES;
				CLANG_WARN_OBJC_LITERAL_CONVERSION = YES;
				CLANG_WARN_OBJC_ROOT_CLASS = YES_ERROR;
				CLANG_WARN_QUOTED_INCLUDE_IN_FRAMEWORK_HEADER = YES;
				CLANG_WARN_RANGE_LOOP_ANALYSIS = YES;
				CLANG_WARN_STRICT_PROTOTYPES = YES;
				CLANG_WARN_SUSPICIOUS_MOVE = YES;
				CLANG_WARN_UNGUARDED_AVAILABILITY = YES_AGGRESSIVE;
				CLANG_WARN_UNREACHABLE_CODE = YES;
				CLANG_WARN__DUPLICATE_METHOD_MATCH = YES;
				CODE_SIGN_IDENTITY = "-";
				CODE_SIGN_STYLE = Automatic;
				COPY_PHASE_STRIP = NO;
				DEBUG_INFORMATION_FORMAT = dwarf;
				DEVELOPMENT_TEAM = "";
				ENABLE_HARDENED_RUNTIME = YES;
				ENABLE_STRICT_OBJC_MSGSEND = YES;
				ENABLE_TESTABILITY = YES;
				GCC_C_LANGUAGE_STANDARD = gnu11;
				GCC_DYNAMIC_NO_PIC = NO;
				GCC_NO_COMMON_BLOCKS = YES;
				GCC_OPTIMIZATION_LEVEL = 0;
				GCC_PREPROCESSOR_DEFINITIONS = (
					"$(inherited)",
					"DEBUG=1",
				);
				GCC_TREAT_WARNINGS_AS_ERRORS = NO;
				GCC_WARN_64_TO_32_BIT_CONVERSION = YES;
				GCC_WARN_ABOUT_RETURN_TYPE = YES_ERROR;
				GCC_WARN_UNDECLARED_SELECTOR = YES;
				GCC_WARN_UNINITIALIZED_AUTOS = YES_AGGRESSIVE;
				GCC_WARN_UNUSED_FUNCTION = YES;
				GCC_WARN_UNUSED_VARIABLE = YES;
				GENERATE_INFOPLIST_FILE = NO;
				INFOPLIST_KEY_LSUIElement = NO;
				INFOPLIST_KEY_NSHumanReadableCopyright = "";
				MACOSX_DEPLOYMENT_TARGET = 14.4;
				MTL_ENABLE_DEBUG_INFO = INCLUDE_SOURCE;
				MTL_FAST_MATH = YES;
				ONLY_ACTIVE_ARCH = NO;
				PRODUCT_BUNDLE_IDENTIFIER = com.tomkaczocha.SystemAudioRecorder;
				PRODUCT_NAME = "$(TARGET_NAME)";
				SDKROOT = macosx;
				SWIFT_ACTIVE_COMPILATION_CONDITIONS = DEBUG;
				SWIFT_OPTIMIZATION_LEVEL = "-Onone";
				SWIFT_TREAT_WARNINGS_AS_ERRORS = NO;
				SWIFT_VERSION = 5.10;
			};
			name = Debug;
		};
		C9A7084049153F075982FB70 /* Release */ = {
			isa = XCBuildConfiguration;
			buildSettings = {
				BUNDLE_LOADER = "$(TEST_HOST)";
				COMBINE_HIDPI_IMAGES = YES;
				GENERATE_INFOPLIST_FILE = YES;
				LD_RUNPATH_SEARCH_PATHS = (
					"$(inherited)",
					"@executable_path/../Frameworks",
					"@loader_path/../Frameworks",
				);
				MACOSX_DEPLOYMENT_TARGET = 14.4;
				PRODUCT_BUNDLE_IDENTIFIER = com.tomkaczocha.AudioEngineTests;
				SDKROOT = macosx;
				TEST_HOST = "$(BUILT_PRODUCTS_DIR)/SystemAudioToMP3.app/Contents/MacOS/SystemAudioToMP3";
			};
			name = Release;
		};
		FF31B096A0CC5413B0E419F5 /* Debug */ = {
			isa = XCBuildConfiguration;
			buildSettings = {
				BUNDLE_LOADER = "$(TEST_HOST)";
				COMBINE_HIDPI_IMAGES = YES;
				GENERATE_INFOPLIST_FILE = YES;
				LD_RUNPATH_SEARCH_PATHS = (
					"$(inherited)",
					"@executable_path/../Frameworks",
					"@loader_path/../Frameworks",
				);
				MACOSX_DEPLOYMENT_TARGET = 14.4;
				PRODUCT_BUNDLE_IDENTIFIER = com.tomkaczocha.AudioEngineTests;
				SDKROOT = macosx;
				TEST_HOST = "$(BUILT_PRODUCTS_DIR)/SystemAudioToMP3.app/Contents/MacOS/SystemAudioToMP3";
			};
			name = Debug;
		};
/* End XCBuildConfiguration section */

/* Begin XCConfigurationList section */
		0DCB2528B583611B7CAA751C /* Build configuration list for PBXProject "SystemAudioToMP3" */ = {
			isa = XCConfigurationList;
			buildConfigurations = (
				A3273C29661CBEDEDEAF51F0 /* Debug */,
				5B208CC449E7CEA655D9C311 /* Release */,
			);
			defaultConfigurationIsVisible = 0;
			defaultConfigurationName = Debug;
		};
		54C66637F5968E21FD2F903B /* Build configuration list for PBXNativeTarget "SystemAudioToMP3" */ = {
			isa = XCConfigurationList;
			buildConfigurations = (
				778B66F6B1AA482631EE1639 /* Debug */,
				24DB527BAB6DB7830BEA46A7 /* Release */,
			);
			defaultConfigurationIsVisible = 0;
			defaultConfigurationName = Debug;
		};
		B01AC1CA08CAD0D2AD8682EB /* Build configuration list for PBXNativeTarget "AudioEngineTests" */ = {
			isa = XCConfigurationList;
			buildConfigurations = (
				FF31B096A0CC5413B0E419F5 /* Debug */,
				C9A7084049153F075982FB70 /* Release */,
			);
			defaultConfigurationIsVisible = 0;
			defaultConfigurationName = Debug;
		};
/* End XCConfigurationList section */

/* Begin XCRemoteSwiftPackageReference section */
		FD63B7844C9277BEEE133A7C /* XCRemoteSwiftPackageReference "KeyboardShortcuts" */ = {
			isa = XCRemoteSwiftPackageReference;
			repositoryURL = "https://github.com/sindresorhus/KeyboardShortcuts";
			requirement = {
				kind = upToNextMajorVersion;
				minimumVersion = 2.0.0;
			};
		};
/* End XCRemoteSwiftPackageReference section */

/* Begin XCSwiftPackageProductDependency section */
		42F6F183B7D9C8F6EF222164 /* KeyboardShortcuts */ = {
			isa = XCSwiftPackageProductDependency;
			package = FD63B7844C9277BEEE133A7C /* XCRemoteSwiftPackageReference "KeyboardShortcuts" */;
			productName = KeyboardShortcuts;
		};
/* End XCSwiftPackageProductDependency section */
	};
	rootObject = 8DC3750AFDD0576D80D752C8 /* Project object */;
}
