// !$*UTF8*$!
{
	archiveVersion = 1;
	classes = {
	};
	objectVersion = 77;
	objects = {

/* Begin PBXBuildFile section */
		00793C232F471DFE4C7B96DF /* AppSettings.swift in Sources */ = {isa = PBXBuildFile; fileRef = DD12F078E846EE2E584A7F5F /* AppSettings.swift */; };
		05DDDDECBD6CBF6F46702C1D /* MenuBarControllerTests.swift in Sources */ = {isa = PBXBuildFile; fileRef = CD39CFBEF41A323FA1F7E12F /* MenuBarControllerTests.swift */; };
		0EA6BD807847285095583A90 /* KeyboardShortcuts in Frameworks */ = {isa = PBXBuildFile; productRef = 57A92AA3B82C9CA9063CE6CC /* KeyboardShortcuts */; };
		0F3764A531C0DD6BEB9BFF8F /* HotkeyManagerTests.swift in Sources */ = {isa = PBXBuildFile; fileRef = 5EDB3B96B62B19856D7C5902 /* HotkeyManagerTests.swift */; };
		17609D0A82642251654B4D90 /* AudioSourceCatalog.swift in Sources */ = {isa = PBXBuildFile; fileRef = 231D4E2C52485B353BC7E22F /* AudioSourceCatalog.swift */; };
		1CCF16392F67B26D4A1609CC /* MixLevelMeterView.swift in Sources */ = {isa = PBXBuildFile; fileRef = 3BDFC21FA43B2FD7E28C781F /* MixLevelMeterView.swift */; };
		25D55ADDC63B39F79351F5E6 /* WAVWriter.swift in Sources */ = {isa = PBXBuildFile; fileRef = 1F1061F0D8D0772D3D2A9465 /* WAVWriter.swift */; };
		278CE311BD6FB9D402BBD130 /* ProcessTapCaptureTests.swift in Sources */ = {isa = PBXBuildFile; fileRef = 39296791DD3E68A550F16D44 /* ProcessTapCaptureTests.swift */; };
		27BFDBEFD46187F5C86E4B90 /* ErrorSurface.swift in Sources */ = {isa = PBXBuildFile; fileRef = 37E00C59ECCFA9F1275541F2 /* ErrorSurface.swift */; };
		298961D2E226AB11487D8001 /* RecordControlsView.swift in Sources */ = {isa = PBXBuildFile; fileRef = 89D04A4AB8B1D689175038EA /* RecordControlsView.swift */; };
		3425B67F408D83DF6EE3A492 /* EncodingQueueTests.swift in Sources */ = {isa = PBXBuildFile; fileRef = 5FDA1640DCADCA0503E67C02 /* EncodingQueueTests.swift */; };
		357C61206F5FB68471B765B7 /* AudioSourceCatalogTests.swift in Sources */ = {isa = PBXBuildFile; fileRef = D46FBA26666B8EC304834833 /* AudioSourceCatalogTests.swift */; };
		3942763C4FDDC39FE9BCFC95 /* ContentView.swift in Sources */ = {isa = PBXBuildFile; fileRef = 6D19C55C448411836ED80F96 /* ContentView.swift */; };
		397C2D3E5ED597D38F3366FB /* SourcePickerViewTests.swift in Sources */ = {isa = PBXBuildFile; fileRef = 9B303DEF5005FC24A3DC37BC /* SourcePickerViewTests.swift */; };
		39D56FE9D4CAFE5EBFCE5B25 /* SaveToast.swift in Sources */ = {isa = PBXBuildFile; fileRef = 6E4BCF64B80485F3D086DC38 /* SaveToast.swift */; };
		3C841F3EC7205026305182EE /* RecordingSessionIntegrationTests.swift in Sources */ = {isa = PBXBuildFile; fileRef = 767C248D39B8EBAE0F93F451 /* RecordingSessionIntegrationTests.swift */; };
		3CD074B79B667CF0C7A611C5 /* RecordControlsViewTests.swift in Sources */ = {isa = PBXBuildFile; fileRef = 2AD9D3A999DE15C427241D69 /* RecordControlsViewTests.swift */; };
		42880C9555110968C7614EBF /* EncodingJobsViewTests.swift in Sources */ = {isa = PBXBuildFile; fileRef = 5B4E80F4469797A7ABFFC5C4 /* EncodingJobsViewTests.swift */; };
		42CCAE9BE92D712DFEA8DECB /* lame.xcframework in Frameworks */ = {isa = PBXBuildFile; fileRef = FE010F75E14B705D2838C1D0 /* lame.xcframework */; };
		47AC903072D81C4E7F09E69F /* PermissionManagerTests.swift in Sources */ = {isa = PBXBuildFile; fileRef = E085C9F9F449C53D8A08F980 /* PermissionManagerTests.swift */; };
		47E4381268E73072316EE3D2 /* PermissionFailureUXTests.swift in Sources */ = {isa = PBXBuildFile; fileRef = B4D5643B30505A25ECDBB053 /* PermissionFailureUXTests.swift */; };
		4C30B65216216D9C4B2F7C7B /* DockPolicyControllerTests.swift in Sources */ = {isa = PBXBuildFile; fileRef = AEC7ECE2592ED86831305ED6 /* DockPolicyControllerTests.swift */; };
		4D6121DD40FF6174078FA8F8 /* HotkeyManager.swift in Sources */ = {isa = PBXBuildFile; fileRef = 81288AA34CE3902C56CBA028 /* HotkeyManager.swift */; };
		52CC97616942970D6FE979FC /* MicrophoneCaptureTests.swift in Sources */ = {isa = PBXBuildFile; fileRef = CB05D5D46D22D8F662F92E85 /* MicrophoneCaptureTests.swift */; };
		54D88DE594AF97DCB829E9A8 /* SystemAudioRecorderApp.swift in Sources */ = {isa = PBXBuildFile; fileRef = 58715C4529C9A1EFCFE540B9 /* SystemAudioRecorderApp.swift */; };
		578DAC7BBEA65DEE1BECDB55 /* FormatNormalizerTests.swift in Sources */ = {isa = PBXBuildFile; fileRef = 99570BD049373B8F342D5954 /* FormatNormalizerTests.swift */; };
		6004436CA08B1E9453A140EA /* MixerGraphTests.swift in Sources */ = {isa = PBXBuildFile; fileRef = D8673C46802DF95D454EA6D4 /* MixerGraphTests.swift */; };
		6A09C41AEDF8BABE6B37CC9C /* SourcePickerView.swift in Sources */ = {isa = PBXBuildFile; fileRef = 6809B5A1D966577FAFC3D280 /* SourcePickerView.swift */; };
		6C9B8AD1E3F5205D1911BA79 /* PermissionDeepLink.swift in Sources */ = {isa = PBXBuildFile; fileRef = 648A6B92BD137CEBA50519C2 /* PermissionDeepLink.swift */; };
		6F4D177B72662411E1E25DDA /* WAVWriterTests.swift in Sources */ = {isa = PBXBuildFile; fileRef = 39A9CE9C2D786F3C0EF793FF /* WAVWriterTests.swift */; };
		72B15C6D91EBEBFCBB333490 /* Assets.xcassets in Resources */ = {isa = PBXBuildFile; fileRef = 9609880624BF4A708328B737 /* Assets.xcassets */; };
		777E6EF1F7AE166B6A82F929 /* MeterRingBuffer.swift in Sources */ = {isa = PBXBuildFile; fileRef = C2E46CE6B2283FDB27E0B1FF /* MeterRingBuffer.swift */; };
		79F253369E5B90D5123AC145 /* AppSettingsTests.swift in Sources */ = {isa = PBXBuildFile; fileRef = 443FD72967A31686798897C9 /* AppSettingsTests.swift */; };
		7F0AC032F3A0623E49A3C09A /* OutputSettingsViewTests.swift in Sources */ = {isa = PBXBuildFile; fileRef = 68D8A1B20144D72927CE0B04 /* OutputSettingsViewTests.swift */; };
		82316C4FA146E11D0D2525E1 /* FormatNormalizer.swift in Sources */ = {isa = PBXBuildFile; fileRef = 555B02CBC2B3A7372E3F43CB /* FormatNormalizer.swift */; };
		880D7844F8F03ED7A6354805 /* MixLevelMeterViewTests.swift in Sources */ = {isa = PBXBuildFile; fileRef = 09D221097502DBD2CF0F8124 /* MixLevelMeterViewTests.swift */; };
		890B42385472EF2213A89408 /* LameEncoderTests.swift in Sources */ = {isa = PBXBuildFile; fileRef = 92358CE698DC488250E59867 /* LameEncoderTests.swift */; };
		89DB81B538CCDEAF0A8DFB04 /* MockAudioSource.swift in Sources */ = {isa = PBXBuildFile; fileRef = B3B3B87AD4AD408244B963B1 /* MockAudioSource.swift */; };
		8A1530E966D33E61E74F1F78 /* ErrorSurfaceTests.swift in Sources */ = {isa = PBXBuildFile; fileRef = 57B1E739D490278E5A984FA0 /* ErrorSurfaceTests.swift */; };
		90CF702B229F2DEA528AAC93 /* LevelMeterTests.swift in Sources */ = {isa = PBXBuildFile; fileRef = A915F3006598367F39FBC328 /* LevelMeterTests.swift */; };
		916F06BC2A8274340C21CFA0 /* RecordingSession.swift in Sources */ = {isa = PBXBuildFile; fileRef = 79544CBAA72230DC0288F605 /* RecordingSession.swift */; };
		927A320E261165DC058FE630 /* SaveToastTests.swift in Sources */ = {isa = PBXBuildFile; fileRef = A3BA99DC7564A80046CFE5AB /* SaveToastTests.swift */; };
		9D49BB1B0B8097CB3D173200 /* MixerPanelView.swift in Sources */ = {isa = PBXBuildFile; fileRef = ACB8A6B5A709C14271AF51DC /* MixerPanelView.swift */; };
		A4F45108009453E6730BBB35 /* MeterTap.swift in Sources */ = {isa = PBXBuildFile; fileRef = 68FB667BAB3D77EFD95C73FB /* MeterTap.swift */; };
		A5CC7E73A068218666545124 /* MixerPanelViewTests.swift in Sources */ = {isa = PBXBuildFile; fileRef = 4C355A717BC72752AC097FB7 /* MixerPanelViewTests.swift */; };
		ABBB1B205074C55C4E7BB2BF /* MockAudioSourceTests.swift in Sources */ = {isa = PBXBuildFile; fileRef = 99F6B792DEF2DC5A543E84EF /* MockAudioSourceTests.swift */; };
		B1AA7B23C34CF9673F114338 /* ContentViewTests.swift in Sources */ = {isa = PBXBuildFile; fileRef = 74871D055F6CD466D4EA33DA /* ContentViewTests.swift */; };
		B4734AA0439A2A46448C131E /* PermissionManager.swift in Sources */ = {isa = PBXBuildFile; fileRef = DDC353ECEB1D3CF629874214 /* PermissionManager.swift */; };
		B7CC7B3D7D88455EFC088655 /* MixerGraph.swift in Sources */ = {isa = PBXBuildFile; fileRef = E5F5FAA7C815280BE5693416 /* MixerGraph.swift */; };
		BFC42F549A52FAFD3BD70B00 /* MenuBarController.swift in Sources */ = {isa = PBXBuildFile; fileRef = CB9CA4849A4CB46E47DCBDA0 /* MenuBarController.swift */; };
		C0448264490ECB2B95AD3895 /* ProcessTapCapture.swift in Sources */ = {isa = PBXBuildFile; fileRef = 7F44D9144106CF3D50C29260 /* ProcessTapCapture.swift */; };
		C20AD4B5B1475EA9F85EB042 /* LameEncoder.swift in Sources */ = {isa = PBXBuildFile; fileRef = 3ACADB04B247712730C4329E /* LameEncoder.swift */; };
		C28C84985DA8130A15DCD265 /* EncodingQueue.swift in Sources */ = {isa = PBXBuildFile; fileRef = 4D1AD52CFB195EAC64840846 /* EncodingQueue.swift */; };
		C9A5AC96D8433F64CAD49059 /* OutputSettingsView.swift in Sources */ = {isa = PBXBuildFile; fileRef = B43EE224A71E006A5D79B503 /* OutputSettingsView.swift */; };
		CD6B2DEABC410DE93CE51B7C /* EncodingJobsView.swift in Sources */ = {isa = PBXBuildFile; fileRef = E9E1F401D8CCF53039C0266E /* EncodingJobsView.swift */; };
		D6D0ECF3E8C8369DEADA0FCF /* AppStoreTests.swift in Sources */ = {isa = PBXBuildFile; fileRef = CC9F00044F9BF5D408348DE4 /* AppStoreTests.swift */; };
		D764EF3F867777355A451A0F /* LameVersionTest.swift in Sources */ = {isa = PBXBuildFile; fileRef = 4CD2087320669C581253B6E9 /* LameVersionTest.swift */; };
		D981A431201951F5A33F85F0 /* RecordingSessionTests.swift in Sources */ = {isa = PBXBuildFile; fileRef = 06A9AF3DE627C41B9B988549 /* RecordingSessionTests.swift */; };
		E0960F0E666A2B141EAC9C21 /* MeterPublisher.swift in Sources */ = {isa = PBXBuildFile; fileRef = 2428201948057FECD40D024C /* MeterPublisher.swift */; };
		E196882A23D8CCB910F7637A /* WAVWriterRecoveryTests.swift in Sources */ = {isa = PBXBuildFile; fileRef = 1B619F9F3241C07A35767069 /* WAVWriterRecoveryTests.swift */; };
		E87774B2738AC67A0DFD2E28 /* DockPolicyController.swift in Sources */ = {isa = PBXBuildFile; fileRef = F2DDB7A9F84BB64AFBAA0264 /* DockPolicyController.swift */; };
		EF1328F974C2403CB8C64FC3 /* AppStore.swift in Sources */ = {isa = PBXBuildFile; fileRef = 3D8A59026B92C20FE716202C /* AppStore.swift */; };
		FB746557A6FC4F85320AAC3B /* MicrophoneCapture.swift in Sources */ = {isa = PBXBuildFile; fileRef = 0D216867488B00BE6C604C26 /* MicrophoneCapture.swift */; };
/* End PBXBuildFile section */

/* Begin PBXContainerItemProxy section */
		7EE7C8E85B6A5BF0E27B66BB /* PBXContainerItemProxy */ = {
			isa = PBXContainerItemProxy;
			containerPortal = D4D1D2BCAB8BA1D32F030E81 /* Project object */;
			proxyType = 1;
			remoteGlobalIDString = ECB8208C30C7F7B20A4C0121;
			remoteInfo = SystemAudioRecorder;
		};
/* End PBXContainerItemProxy section */

/* Begin PBXFileReference section */
		005876D87F3B2FFBDD2156E0 /* AudioEngineTests.xctest */ = {isa = PBXFileReference; explicitFileType = wrapper.cfbundle; includeInIndex = 0; path = AudioEngineTests.xctest; sourceTree = BUILT_PRODUCTS_DIR; };
		06A9AF3DE627C41B9B988549 /* RecordingSessionTests.swift */ = {isa = PBXFileReference; lastKnownFileType = sourcecode.swift; path = RecordingSessionTests.swift; sourceTree = "<group>"; };
		09D221097502DBD2CF0F8124 /* MixLevelMeterViewTests.swift */ = {isa = PBXFileReference; lastKnownFileType = sourcecode.swift; path = MixLevelMeterViewTests.swift; sourceTree = "<group>"; };
		0D216867488B00BE6C604C26 /* MicrophoneCapture.swift */ = {isa = PBXFileReference; lastKnownFileType = sourcecode.swift; path = MicrophoneCapture.swift; sourceTree = "<group>"; };
		1B619F9F3241C07A35767069 /* WAVWriterRecoveryTests.swift */ = {isa = PBXFileReference; lastKnownFileType = sourcecode.swift; path = WAVWriterRecoveryTests.swift; sourceTree = "<group>"; };
		1F1061F0D8D0772D3D2A9465 /* WAVWriter.swift */ = {isa = PBXFileReference; lastKnownFileType = sourcecode.swift; path = WAVWriter.swift; sourceTree = "<group>"; };
		231D4E2C52485B353BC7E22F /* AudioSourceCatalog.swift */ = {isa = PBXFileReference; lastKnownFileType = sourcecode.swift; path = AudioSourceCatalog.swift; sourceTree = "<group>"; };
		2428201948057FECD40D024C /* MeterPublisher.swift */ = {isa = PBXFileReference; lastKnownFileType = sourcecode.swift; path = MeterPublisher.swift; sourceTree = "<group>"; };
		2AD9D3A999DE15C427241D69 /* RecordControlsViewTests.swift */ = {isa = PBXFileReference; lastKnownFileType = sourcecode.swift; path = RecordControlsViewTests.swift; sourceTree = "<group>"; };
		37E00C59ECCFA9F1275541F2 /* ErrorSurface.swift */ = {isa = PBXFileReference; lastKnownFileType = sourcecode.swift; path = ErrorSurface.swift; sourceTree = "<group>"; };
		39296791DD3E68A550F16D44 /* ProcessTapCaptureTests.swift */ = {isa = PBXFileReference; lastKnownFileType = sourcecode.swift; path = ProcessTapCaptureTests.swift; sourceTree = "<group>"; };
		39A9CE9C2D786F3C0EF793FF /* WAVWriterTests.swift */ = {isa = PBXFileReference; lastKnownFileType = sourcecode.swift; path = WAVWriterTests.swift; sourceTree = "<group>"; };
		3ACADB04B247712730C4329E /* LameEncoder.swift */ = {isa = PBXFileReference; lastKnownFileType = sourcecode.swift; path = LameEncoder.swift; sourceTree = "<group>"; };
		3BDFC21FA43B2FD7E28C781F /* MixLevelMeterView.swift */ = {isa = PBXFileReference; lastKnownFileType = sourcecode.swift; path = MixLevelMeterView.swift; sourceTree = "<group>"; };
		3D8A59026B92C20FE716202C /* AppStore.swift */ = {isa = PBXFileReference; lastKnownFileType = sourcecode.swift; path = AppStore.swift; sourceTree = "<group>"; };
		3DEEED0D8D6B72A2D8C97231 /* .gitkeep */ = {isa = PBXFileReference; lastKnownFileType = text; path = .gitkeep; sourceTree = "<group>"; };
		443FD72967A31686798897C9 /* AppSettingsTests.swift */ = {isa = PBXFileReference; lastKnownFileType = sourcecode.swift; path = AppSettingsTests.swift; sourceTree = "<group>"; };
		4C355A717BC72752AC097FB7 /* MixerPanelViewTests.swift */ = {isa = PBXFileReference; lastKnownFileType = sourcecode.swift; path = MixerPanelViewTests.swift; sourceTree = "<group>"; };
		4CD2087320669C581253B6E9 /* LameVersionTest.swift */ = {isa = PBXFileReference; lastKnownFileType = sourcecode.swift; path = LameVersionTest.swift; sourceTree = "<group>"; };
		4D1AD52CFB195EAC64840846 /* EncodingQueue.swift */ = {isa = PBXFileReference; lastKnownFileType = sourcecode.swift; path = EncodingQueue.swift; sourceTree = "<group>"; };
		555B02CBC2B3A7372E3F43CB /* FormatNormalizer.swift */ = {isa = PBXFileReference; lastKnownFileType = sourcecode.swift; path = FormatNormalizer.swift; sourceTree = "<group>"; };
		57B1E739D490278E5A984FA0 /* ErrorSurfaceTests.swift */ = {isa = PBXFileReference; lastKnownFileType = sourcecode.swift; path = ErrorSurfaceTests.swift; sourceTree = "<group>"; };
		58715C4529C9A1EFCFE540B9 /* SystemAudioRecorderApp.swift */ = {isa = PBXFileReference; lastKnownFileType = sourcecode.swift; path = SystemAudioRecorderApp.swift; sourceTree = "<group>"; };
		5B4E80F4469797A7ABFFC5C4 /* EncodingJobsViewTests.swift */ = {isa = PBXFileReference; lastKnownFileType = sourcecode.swift; path = EncodingJobsViewTests.swift; sourceTree = "<group>"; };
		5EDB3B96B62B19856D7C5902 /* HotkeyManagerTests.swift */ = {isa = PBXFileReference; lastKnownFileType = sourcecode.swift; path = HotkeyManagerTests.swift; sourceTree = "<group>"; };
		5FDA1640DCADCA0503E67C02 /* EncodingQueueTests.swift */ = {isa = PBXFileReference; lastKnownFileType = sourcecode.swift; path = EncodingQueueTests.swift; sourceTree = "<group>"; };
		648A6B92BD137CEBA50519C2 /* PermissionDeepLink.swift */ = {isa = PBXFileReference; lastKnownFileType = sourcecode.swift; path = PermissionDeepLink.swift; sourceTree = "<group>"; };
		6809B5A1D966577FAFC3D280 /* SourcePickerView.swift */ = {isa = PBXFileReference; lastKnownFileType = sourcecode.swift; path = SourcePickerView.swift; sourceTree = "<group>"; };
		68D8A1B20144D72927CE0B04 /* OutputSettingsViewTests.swift */ = {isa = PBXFileReference; lastKnownFileType = sourcecode.swift; path = OutputSettingsViewTests.swift; sourceTree = "<group>"; };
		68FB667BAB3D77EFD95C73FB /* MeterTap.swift */ = {isa = PBXFileReference; lastKnownFileType = sourcecode.swift; path = MeterTap.swift; sourceTree = "<group>"; };
		6D19C55C448411836ED80F96 /* ContentView.swift */ = {isa = PBXFileReference; lastKnownFileType = sourcecode.swift; path = ContentView.swift; sourceTree = "<group>"; };
		6E4BCF64B80485F3D086DC38 /* SaveToast.swift */ = {isa = PBXFileReference; lastKnownFileType = sourcecode.swift; path = SaveToast.swift; sourceTree = "<group>"; };
		74871D055F6CD466D4EA33DA /* ContentViewTests.swift */ = {isa = PBXFileReference; lastKnownFileType = sourcecode.swift; path = ContentViewTests.swift; sourceTree = "<group>"; };
		767C248D39B8EBAE0F93F451 /* RecordingSessionIntegrationTests.swift */ = {isa = PBXFileReference; lastKnownFileType = sourcecode.swift; path = RecordingSessionIntegrationTests.swift; sourceTree = "<group>"; };
		79544CBAA72230DC0288F605 /* RecordingSession.swift */ = {isa = PBXFileReference; lastKnownFileType = sourcecode.swift; path = RecordingSession.swift; sourceTree = "<group>"; };
		7F44D9144106CF3D50C29260 /* ProcessTapCapture.swift */ = {isa = PBXFileReference; lastKnownFileType = sourcecode.swift; path = ProcessTapCapture.swift; sourceTree = "<group>"; };
		8058F77363FF9FE88D424F2F /* Info.plist */ = {isa = PBXFileReference; lastKnownFileType = text.plist; path = Info.plist; sourceTree = "<group>"; };
		81288AA34CE3902C56CBA028 /* HotkeyManager.swift */ = {isa = PBXFileReference; lastKnownFileType = sourcecode.swift; path = HotkeyManager.swift; sourceTree = "<group>"; };
		89D04A4AB8B1D689175038EA /* RecordControlsView.swift */ = {isa = PBXFileReference; lastKnownFileType = sourcecode.swift; path = RecordControlsView.swift; sourceTree = "<group>"; };
		909AADF278F804AC2D248A1B /* .gitkeep */ = {isa = PBXFileReference; lastKnownFileType = text; path = .gitkeep; sourceTree = "<group>"; };
		92358CE698DC488250E59867 /* LameEncoderTests.swift */ = {isa = PBXFileReference; lastKnownFileType = sourcecode.swift; path = LameEncoderTests.swift; sourceTree = "<group>"; };
		9609880624BF4A708328B737 /* Assets.xcassets */ = {isa = PBXFileReference; lastKnownFileType = folder.assetcatalog; path = Assets.xcassets; sourceTree = "<group>"; };
		99570BD049373B8F342D5954 /* FormatNormalizerTests.swift */ = {isa = PBXFileReference; lastKnownFileType = sourcecode.swift; path = FormatNormalizerTests.swift; sourceTree = "<group>"; };
		99F6B792DEF2DC5A543E84EF /* MockAudioSourceTests.swift */ = {isa = PBXFileReference; lastKnownFileType = sourcecode.swift; path = MockAudioSourceTests.swift; sourceTree = "<group>"; };
		9B303DEF5005FC24A3DC37BC /* SourcePickerViewTests.swift */ = {isa = PBXFileReference; lastKnownFileType = sourcecode.swift; path = SourcePickerViewTests.swift; sourceTree = "<group>"; };
		A3BA99DC7564A80046CFE5AB /* SaveToastTests.swift */ = {isa = PBXFileReference; lastKnownFileType = sourcecode.swift; path = SaveToastTests.swift; sourceTree = "<group>"; };
		A915F3006598367F39FBC328 /* LevelMeterTests.swift */ = {isa = PBXFileReference; lastKnownFileType = sourcecode.swift; path = LevelMeterTests.swift; sourceTree = "<group>"; };
		ACB8A6B5A709C14271AF51DC /* MixerPanelView.swift */ = {isa = PBXFileReference; lastKnownFileType = sourcecode.swift; path = MixerPanelView.swift; sourceTree = "<group>"; };
		AEC7ECE2592ED86831305ED6 /* DockPolicyControllerTests.swift */ = {isa = PBXFileReference; lastKnownFileType = sourcecode.swift; path = DockPolicyControllerTests.swift; sourceTree = "<group>"; };
		B3B3B87AD4AD408244B963B1 /* MockAudioSource.swift */ = {isa = PBXFileReference; lastKnownFileType = sourcecode.swift; path = MockAudioSource.swift; sourceTree = "<group>"; };
		B43EE224A71E006A5D79B503 /* OutputSettingsView.swift */ = {isa = PBXFileReference; lastKnownFileType = sourcecode.swift; path = OutputSettingsView.swift; sourceTree = "<group>"; };
		B4D5643B30505A25ECDBB053 /* PermissionFailureUXTests.swift */ = {isa = PBXFileReference; lastKnownFileType = sourcecode.swift; path = PermissionFailureUXTests.swift; sourceTree = "<group>"; };
		BC0C8BE74E2A416F0AA4AB4E /* .gitkeep */ = {isa = PBXFileReference; lastKnownFileType = text; path = .gitkeep; sourceTree = "<group>"; };
		BFA29538356DA6C85085D05D /* SystemAudioRecorder.entitlements */ = {isa = PBXFileReference; lastKnownFileType = text.plist.entitlements; path = SystemAudioRecorder.entitlements; sourceTree = "<group>"; };
		C2E46CE6B2283FDB27E0B1FF /* MeterRingBuffer.swift */ = {isa = PBXFileReference; lastKnownFileType = sourcecode.swift; path = MeterRingBuffer.swift; sourceTree = "<group>"; };
		CB05D5D46D22D8F662F92E85 /* MicrophoneCaptureTests.swift */ = {isa = PBXFileReference; lastKnownFileType = sourcecode.swift; path = MicrophoneCaptureTests.swift; sourceTree = "<group>"; };
		CB9CA4849A4CB46E47DCBDA0 /* MenuBarController.swift */ = {isa = PBXFileReference; lastKnownFileType = sourcecode.swift; path = MenuBarController.swift; sourceTree = "<group>"; };
		CC9F00044F9BF5D408348DE4 /* AppStoreTests.swift */ = {isa = PBXFileReference; lastKnownFileType = sourcecode.swift; path = AppStoreTests.swift; sourceTree = "<group>"; };
		CD39CFBEF41A323FA1F7E12F /* MenuBarControllerTests.swift */ = {isa = PBXFileReference; lastKnownFileType = sourcecode.swift; path = MenuBarControllerTests.swift; sourceTree = "<group>"; };
		D46FBA26666B8EC304834833 /* AudioSourceCatalogTests.swift */ = {isa = PBXFileReference; lastKnownFileType = sourcecode.swift; path = AudioSourceCatalogTests.swift; sourceTree = "<group>"; };
		D8673C46802DF95D454EA6D4 /* MixerGraphTests.swift */ = {isa = PBXFileReference; lastKnownFileType = sourcecode.swift; path = MixerGraphTests.swift; sourceTree = "<group>"; };
		DD12F078E846EE2E584A7F5F /* AppSettings.swift */ = {isa = PBXFileReference; lastKnownFileType = sourcecode.swift; path = AppSettings.swift; sourceTree = "<group>"; };
		DDC353ECEB1D3CF629874214 /* PermissionManager.swift */ = {isa = PBXFileReference; lastKnownFileType = sourcecode.swift; path = PermissionManager.swift; sourceTree = "<group>"; };
		E085C9F9F449C53D8A08F980 /* PermissionManagerTests.swift */ = {isa = PBXFileReference; lastKnownFileType = sourcecode.swift; path = PermissionManagerTests.swift; sourceTree = "<group>"; };
		E5F5FAA7C815280BE5693416 /* MixerGraph.swift */ = {isa = PBXFileReference; lastKnownFileType = sourcecode.swift; path = MixerGraph.swift; sourceTree = "<group>"; };
		E9E1F401D8CCF53039C0266E /* EncodingJobsView.swift */ = {isa = PBXFileReference; lastKnownFileType = sourcecode.swift; path = EncodingJobsView.swift; sourceTree = "<group>"; };
		F1670FBD11E4A0BABEBC0EC6 /* .gitkeep */ = {isa = PBXFileReference; lastKnownFileType = text; path = .gitkeep; sourceTree = "<group>"; };
		F2DDB7A9F84BB64AFBAA0264 /* DockPolicyController.swift */ = {isa = PBXFileReference; lastKnownFileType = sourcecode.swift; path = DockPolicyController.swift; sourceTree = "<group>"; };
		F88D408394F9A9E9BFDBB71E /* SystemAudioRecorder.app */ = {isa = PBXFileReference; explicitFileType = wrapper.application; includeInIndex = 0; path = SystemAudioRecorder.app; sourceTree = BUILT_PRODUCTS_DIR; };
		FE010F75E14B705D2838C1D0 /* lame.xcframework */ = {isa = PBXFileReference; lastKnownFileType = wrapper.xcframework; name = lame.xcframework; path = Vendor/lame.xcframework; sourceTree = "<group>"; };
/* End PBXFileReference section */

/* Begin PBXFrameworksBuildPhase section */
		734AFD51BA9E4F00FE4F9FF0 /* Frameworks */ = {
			isa = PBXFrameworksBuildPhase;
			buildActionMask = 2147483647;
			files = (
				0EA6BD807847285095583A90 /* KeyboardShortcuts in Frameworks */,
				42CCAE9BE92D712DFEA8DECB /* lame.xcframework in Frameworks */,
			);
			runOnlyForDeploymentPostprocessing = 0;
		};
/* End PBXFrameworksBuildPhase section */

/* Begin PBXGroup section */
		096E5F3878F1BCEDA2ABD453 /* Hotkey */ = {
			isa = PBXGroup;
			children = (
				909AADF278F804AC2D248A1B /* .gitkeep */,
				81288AA34CE3902C56CBA028 /* HotkeyManager.swift */,
			);
			path = Hotkey;
			sourceTree = "<group>";
		};
		0AAEC1AAF4F4D3326A130BA3 = {
			isa = PBXGroup;
			children = (
				85B872C13DCE8980A605CA08 /* App */,
				66C64FEE469822464246DC4F /* AudioEngine */,
				096E5F3878F1BCEDA2ABD453 /* Hotkey */,
				7F5A5CA9D1764A9223081A23 /* Permissions */,
				37918802194F20B21F23065E /* Resources */,
				D2FA77A15954E1302A093E94 /* Tests */,
				3248BB4FC5F83D316F238AC0 /* Frameworks */,
				7D2F9EA05170D899B16F7BC4 /* Products */,
			);
			sourceTree = "<group>";
		};
		3248BB4FC5F83D316F238AC0 /* Frameworks */ = {
			isa = PBXGroup;
			children = (
				FE010F75E14B705D2838C1D0 /* lame.xcframework */,
			);
			name = Frameworks;
			sourceTree = "<group>";
		};
		37918802194F20B21F23065E /* Resources */ = {
			isa = PBXGroup;
			children = (
				BC0C8BE74E2A416F0AA4AB4E /* .gitkeep */,
				9609880624BF4A708328B737 /* Assets.xcassets */,
				8058F77363FF9FE88D424F2F /* Info.plist */,
				BFA29538356DA6C85085D05D /* SystemAudioRecorder.entitlements */,
			);
			path = Resources;
			sourceTree = "<group>";
		};
		61187DE330BEDC744192E207 /* Fixtures */ = {
			isa = PBXGroup;
			children = (
				B3B3B87AD4AD408244B963B1 /* MockAudioSource.swift */,
			);
			path = Fixtures;
			sourceTree = "<group>";
		};
		66C64FEE469822464246DC4F /* AudioEngine */ = {
			isa = PBXGroup;
			children = (
				F1670FBD11E4A0BABEBC0EC6 /* .gitkeep */,
				D8448E7A56B989C3AC82E191 /* Capture */,
				6C6439FE22DB47C2A5098C26 /* Encoding */,
				B092259055ECA84BD45A058A /* Meter */,
				AA44E70496F6397A339F460F /* Mixer */,
				F6ADE1CA48FF9469502696EB /* Recording */,
			);
			path = AudioEngine;
			sourceTree = "<group>";
		};
		6C6439FE22DB47C2A5098C26 /* Encoding */ = {
			isa = PBXGroup;
			children = (
				4D1AD52CFB195EAC64840846 /* EncodingQueue.swift */,
				3ACADB04B247712730C4329E /* LameEncoder.swift */,
				4CD2087320669C581253B6E9 /* LameVersionTest.swift */,
			);
			path = Encoding;
			sourceTree = "<group>";
		};
		733344BC8CA314F505BB1C41 /* Settings */ = {
			isa = PBXGroup;
			children = (
				DD12F078E846EE2E584A7F5F /* AppSettings.swift */,
			);
			path = Settings;
			sourceTree = "<group>";
		};
		7C2A7055DB53FA00AB3FAF42 /* IntegrationTests */ = {
			isa = PBXGroup;
			children = (
				767C248D39B8EBAE0F93F451 /* RecordingSessionIntegrationTests.swift */,
			);
			path = IntegrationTests;
			sourceTree = "<group>";
		};
		7D2F9EA05170D899B16F7BC4 /* Products */ = {
			isa = PBXGroup;
			children = (
				005876D87F3B2FFBDD2156E0 /* AudioEngineTests.xctest */,
				F88D408394F9A9E9BFDBB71E /* SystemAudioRecorder.app */,
			);
			name = Products;
			sourceTree = "<group>";
		};
		7F5A5CA9D1764A9223081A23 /* Permissions */ = {
			isa = PBXGroup;
			children = (
				3DEEED0D8D6B72A2D8C97231 /* .gitkeep */,
				DDC353ECEB1D3CF629874214 /* PermissionManager.swift */,
			);
			path = Permissions;
			sourceTree = "<group>";
		};
		85B872C13DCE8980A605CA08 /* App */ = {
			isa = PBXGroup;
			children = (
				3D8A59026B92C20FE716202C /* AppStore.swift */,
				F2DDB7A9F84BB64AFBAA0264 /* DockPolicyController.swift */,
				58715C4529C9A1EFCFE540B9 /* SystemAudioRecorderApp.swift */,
				CAEA5BDCA806DD3F1058ACDF /* Errors */,
				C4F20D936340EA07307F362D /* MenuBar */,
				733344BC8CA314F505BB1C41 /* Settings */,
				AF9294D76B341A43B669FF48 /* Views */,
			);
			path = App;
			sourceTree = "<group>";
		};
		AA44E70496F6397A339F460F /* Mixer */ = {
			isa = PBXGroup;
			children = (
				555B02CBC2B3A7372E3F43CB /* FormatNormalizer.swift */,
				E5F5FAA7C815280BE5693416 /* MixerGraph.swift */,
			);
			path = Mixer;
			sourceTree = "<group>";
		};
		AF9294D76B341A43B669FF48 /* Views */ = {
			isa = PBXGroup;
			children = (
				6D19C55C448411836ED80F96 /* ContentView.swift */,
				E9E1F401D8CCF53039C0266E /* EncodingJobsView.swift */,
				ACB8A6B5A709C14271AF51DC /* MixerPanelView.swift */,
				3BDFC21FA43B2FD7E28C781F /* MixLevelMeterView.swift */,
				B43EE224A71E006A5D79B503 /* OutputSettingsView.swift */,
				89D04A4AB8B1D689175038EA /* RecordControlsView.swift */,
				6E4BCF64B80485F3D086DC38 /* SaveToast.swift */,
				6809B5A1D966577FAFC3D280 /* SourcePickerView.swift */,
			);
			path = Views;
			sourceTree = "<group>";
		};
		B092259055ECA84BD45A058A /* Meter */ = {
			isa = PBXGroup;
			children = (
				2428201948057FECD40D024C /* MeterPublisher.swift */,
				C2E46CE6B2283FDB27E0B1FF /* MeterRingBuffer.swift */,
				68FB667BAB3D77EFD95C73FB /* MeterTap.swift */,
			);
			path = Meter;
			sourceTree = "<group>";
		};
		C4F20D936340EA07307F362D /* MenuBar */ = {
			isa = PBXGroup;
			children = (
				CB9CA4849A4CB46E47DCBDA0 /* MenuBarController.swift */,
			);
			path = MenuBar;
			sourceTree = "<group>";
		};
		CAEA5BDCA806DD3F1058ACDF /* Errors */ = {
			isa = PBXGroup;
			children = (
				37E00C59ECCFA9F1275541F2 /* ErrorSurface.swift */,
				648A6B92BD137CEBA50519C2 /* PermissionDeepLink.swift */,
			);
			path = Errors;
			sourceTree = "<group>";
		};
		D2FA77A15954E1302A093E94 /* Tests */ = {
			isa = PBXGroup;
			children = (
				D569C3324C6DF4F766645A95 /* AudioEngineTests */,
			);
			path = Tests;
			sourceTree = "<group>";
		};
		D569C3324C6DF4F766645A95 /* AudioEngineTests */ = {
			isa = PBXGroup;
			children = (
				443FD72967A31686798897C9 /* AppSettingsTests.swift */,
				CC9F00044F9BF5D408348DE4 /* AppStoreTests.swift */,
				D46FBA26666B8EC304834833 /* AudioSourceCatalogTests.swift */,
				74871D055F6CD466D4EA33DA /* ContentViewTests.swift */,
				AEC7ECE2592ED86831305ED6 /* DockPolicyControllerTests.swift */,
				5B4E80F4469797A7ABFFC5C4 /* EncodingJobsViewTests.swift */,
				5FDA1640DCADCA0503E67C02 /* EncodingQueueTests.swift */,
				57B1E739D490278E5A984FA0 /* ErrorSurfaceTests.swift */,
				99570BD049373B8F342D5954 /* FormatNormalizerTests.swift */,
				5EDB3B96B62B19856D7C5902 /* HotkeyManagerTests.swift */,
				92358CE698DC488250E59867 /* LameEncoderTests.swift */,
				A915F3006598367F39FBC328 /* LevelMeterTests.swift */,
				CD39CFBEF41A323FA1F7E12F /* MenuBarControllerTests.swift */,
				CB05D5D46D22D8F662F92E85 /* MicrophoneCaptureTests.swift */,
				D8673C46802DF95D454EA6D4 /* MixerGraphTests.swift */,
				4C355A717BC72752AC097FB7 /* MixerPanelViewTests.swift */,
				09D221097502DBD2CF0F8124 /* MixLevelMeterViewTests.swift */,
				99F6B792DEF2DC5A543E84EF /* MockAudioSourceTests.swift */,
				68D8A1B20144D72927CE0B04 /* OutputSettingsViewTests.swift */,
				B4D5643B30505A25ECDBB053 /* PermissionFailureUXTests.swift */,
				E085C9F9F449C53D8A08F980 /* PermissionManagerTests.swift */,
				39296791DD3E68A550F16D44 /* ProcessTapCaptureTests.swift */,
				2AD9D3A999DE15C427241D69 /* RecordControlsViewTests.swift */,
				06A9AF3DE627C41B9B988549 /* RecordingSessionTests.swift */,
				A3BA99DC7564A80046CFE5AB /* SaveToastTests.swift */,
				9B303DEF5005FC24A3DC37BC /* SourcePickerViewTests.swift */,
				1B619F9F3241C07A35767069 /* WAVWriterRecoveryTests.swift */,
				39A9CE9C2D786F3C0EF793FF /* WAVWriterTests.swift */,
				61187DE330BEDC744192E207 /* Fixtures */,
				7C2A7055DB53FA00AB3FAF42 /* IntegrationTests */,
			);
			path = AudioEngineTests;
			sourceTree = "<group>";
		};
		D8448E7A56B989C3AC82E191 /* Capture */ = {
			isa = PBXGroup;
			children = (
				231D4E2C52485B353BC7E22F /* AudioSourceCatalog.swift */,
				0D216867488B00BE6C604C26 /* MicrophoneCapture.swift */,
				7F44D9144106CF3D50C29260 /* ProcessTapCapture.swift */,
			);
			path = Capture;
			sourceTree = "<group>";
		};
		F6ADE1CA48FF9469502696EB /* Recording */ = {
			isa = PBXGroup;
			children = (
				79544CBAA72230DC0288F605 /* RecordingSession.swift */,
				1F1061F0D8D0772D3D2A9465 /* WAVWriter.swift */,
			);
			path = Recording;
			sourceTree = "<group>";
		};
/* End PBXGroup section */

/* Begin PBXNativeTarget section */
		A710FABD0BF3CE1E76455045 /* AudioEngineTests */ = {
			isa = PBXNativeTarget;
			buildConfigurationList = 64FA97434FAD9BC928BB9FBA /* Build configuration list for PBXNativeTarget "AudioEngineTests" */;
			buildPhases = (
				45CE866B80B6AAE8541DAE6E /* Sources */,
			);
			buildRules = (
			);
			dependencies = (
				DC8E7760982FCF02B5724764 /* PBXTargetDependency */,
			);
			name = AudioEngineTests;
			packageProductDependencies = (
			);
			productName = AudioEngineTests;
			productReference = 005876D87F3B2FFBDD2156E0 /* AudioEngineTests.xctest */;
			productType = "com.apple.product-type.bundle.unit-test";
		};
		ECB8208C30C7F7B20A4C0121 /* SystemAudioRecorder */ = {
			isa = PBXNativeTarget;
			buildConfigurationList = 22FC5320576896EC49BDC3BF /* Build configuration list for PBXNativeTarget "SystemAudioRecorder" */;
			buildPhases = (
				8ABCE654B06500BA02FFC031 /* Sources */,
				25151B4B767AB6A0EC27AB14 /* Resources */,
				734AFD51BA9E4F00FE4F9FF0 /* Frameworks */,
			);
			buildRules = (
			);
			dependencies = (
			);
			name = SystemAudioRecorder;
			packageProductDependencies = (
				57A92AA3B82C9CA9063CE6CC /* KeyboardShortcuts */,
			);
			productName = SystemAudioRecorder;
			productReference = F88D408394F9A9E9BFDBB71E /* SystemAudioRecorder.app */;
			productType = "com.apple.product-type.application";
		};
/* End PBXNativeTarget section */

/* Begin PBXProject section */
		D4D1D2BCAB8BA1D32F030E81 /* Project object */ = {
			isa = PBXProject;
			attributes = {
				BuildIndependentTargetsInParallel = YES;
				LastUpgradeCheck = 1430;
				TargetAttributes = {
					A710FABD0BF3CE1E76455045 = {
						DevelopmentTeam = "";
						ProvisioningStyle = Automatic;
					};
				};
			};
			buildConfigurationList = 6417146724C33CD2CD8E67EB /* Build configuration list for PBXProject "SystemAudioRecorder" */;
			developmentRegion = en;
			hasScannedForEncodings = 0;
			knownRegions = (
				Base,
				en,
			);
			mainGroup = 0AAEC1AAF4F4D3326A130BA3;
			minimizedProjectReferenceProxies = 1;
			packageReferences = (
				E66EB0A5F5CE1E0D26B2FE53 /* XCRemoteSwiftPackageReference "KeyboardShortcuts" */,
			);
			preferredProjectObjectVersion = 77;
			productRefGroup = 7D2F9EA05170D899B16F7BC4 /* Products */;
			projectDirPath = "";
			projectRoot = "";
			targets = (
				A710FABD0BF3CE1E76455045 /* AudioEngineTests */,
				ECB8208C30C7F7B20A4C0121 /* SystemAudioRecorder */,
			);
		};
/* End PBXProject section */

/* Begin PBXResourcesBuildPhase section */
		25151B4B767AB6A0EC27AB14 /* Resources */ = {
			isa = PBXResourcesBuildPhase;
			buildActionMask = 2147483647;
			files = (
				72B15C6D91EBEBFCBB333490 /* Assets.xcassets in Resources */,
			);
			runOnlyForDeploymentPostprocessing = 0;
		};
/* End PBXResourcesBuildPhase section */

/* Begin PBXSourcesBuildPhase section */
		45CE866B80B6AAE8541DAE6E /* Sources */ = {
			isa = PBXSourcesBuildPhase;
			buildActionMask = 2147483647;
			files = (
				79F253369E5B90D5123AC145 /* AppSettingsTests.swift in Sources */,
				D6D0ECF3E8C8369DEADA0FCF /* AppStoreTests.swift in Sources */,
				357C61206F5FB68471B765B7 /* AudioSourceCatalogTests.swift in Sources */,
				B1AA7B23C34CF9673F114338 /* ContentViewTests.swift in Sources */,
				4C30B65216216D9C4B2F7C7B /* DockPolicyControllerTests.swift in Sources */,
				42880C9555110968C7614EBF /* EncodingJobsViewTests.swift in Sources */,
				3425B67F408D83DF6EE3A492 /* EncodingQueueTests.swift in Sources */,
				8A1530E966D33E61E74F1F78 /* ErrorSurfaceTests.swift in Sources */,
				578DAC7BBEA65DEE1BECDB55 /* FormatNormalizerTests.swift in Sources */,
				0F3764A531C0DD6BEB9BFF8F /* HotkeyManagerTests.swift in Sources */,
				890B42385472EF2213A89408 /* LameEncoderTests.swift in Sources */,
				90CF702B229F2DEA528AAC93 /* LevelMeterTests.swift in Sources */,
				05DDDDECBD6CBF6F46702C1D /* MenuBarControllerTests.swift in Sources */,
				52CC97616942970D6FE979FC /* MicrophoneCaptureTests.swift in Sources */,
				880D7844F8F03ED7A6354805 /* MixLevelMeterViewTests.swift in Sources */,
				6004436CA08B1E9453A140EA /* MixerGraphTests.swift in Sources */,
				A5CC7E73A068218666545124 /* MixerPanelViewTests.swift in Sources */,
				89DB81B538CCDEAF0A8DFB04 /* MockAudioSource.swift in Sources */,
				ABBB1B205074C55C4E7BB2BF /* MockAudioSourceTests.swift in Sources */,
				7F0AC032F3A0623E49A3C09A /* OutputSettingsViewTests.swift in Sources */,
				47E4381268E73072316EE3D2 /* PermissionFailureUXTests.swift in Sources */,
				47AC903072D81C4E7F09E69F /* PermissionManagerTests.swift in Sources */,
				278CE311BD6FB9D402BBD130 /* ProcessTapCaptureTests.swift in Sources */,
				3CD074B79B667CF0C7A611C5 /* RecordControlsViewTests.swift in Sources */,
				3C841F3EC7205026305182EE /* RecordingSessionIntegrationTests.swift in Sources */,
				D981A431201951F5A33F85F0 /* RecordingSessionTests.swift in Sources */,
				927A320E261165DC058FE630 /* SaveToastTests.swift in Sources */,
				397C2D3E5ED597D38F3366FB /* SourcePickerViewTests.swift in Sources */,
				E196882A23D8CCB910F7637A /* WAVWriterRecoveryTests.swift in Sources */,
				6F4D177B72662411E1E25DDA /* WAVWriterTests.swift in Sources */,
			);
			runOnlyForDeploymentPostprocessing = 0;
		};
		8ABCE654B06500BA02FFC031 /* Sources */ = {
			isa = PBXSourcesBuildPhase;
			buildActionMask = 2147483647;
			files = (
				00793C232F471DFE4C7B96DF /* AppSettings.swift in Sources */,
				EF1328F974C2403CB8C64FC3 /* AppStore.swift in Sources */,
				17609D0A82642251654B4D90 /* AudioSourceCatalog.swift in Sources */,
				3942763C4FDDC39FE9BCFC95 /* ContentView.swift in Sources */,
				E87774B2738AC67A0DFD2E28 /* DockPolicyController.swift in Sources */,
				CD6B2DEABC410DE93CE51B7C /* EncodingJobsView.swift in Sources */,
				C28C84985DA8130A15DCD265 /* EncodingQueue.swift in Sources */,
				27BFDBEFD46187F5C86E4B90 /* ErrorSurface.swift in Sources */,
				82316C4FA146E11D0D2525E1 /* FormatNormalizer.swift in Sources */,
				4D6121DD40FF6174078FA8F8 /* HotkeyManager.swift in Sources */,
				C20AD4B5B1475EA9F85EB042 /* LameEncoder.swift in Sources */,
				D764EF3F867777355A451A0F /* LameVersionTest.swift in Sources */,
				BFC42F549A52FAFD3BD70B00 /* MenuBarController.swift in Sources */,
				E0960F0E666A2B141EAC9C21 /* MeterPublisher.swift in Sources */,
				777E6EF1F7AE166B6A82F929 /* MeterRingBuffer.swift in Sources */,
				A4F45108009453E6730BBB35 /* MeterTap.swift in Sources */,
				FB746557A6FC4F85320AAC3B /* MicrophoneCapture.swift in Sources */,
				1CCF16392F67B26D4A1609CC /* MixLevelMeterView.swift in Sources */,
				B7CC7B3D7D88455EFC088655 /* MixerGraph.swift in Sources */,
				9D49BB1B0B8097CB3D173200 /* MixerPanelView.swift in Sources */,
				C9A5AC96D8433F64CAD49059 /* OutputSettingsView.swift in Sources */,
				6C9B8AD1E3F5205D1911BA79 /* PermissionDeepLink.swift in Sources */,
				B4734AA0439A2A46448C131E /* PermissionManager.swift in Sources */,
				C0448264490ECB2B95AD3895 /* ProcessTapCapture.swift in Sources */,
				298961D2E226AB11487D8001 /* RecordControlsView.swift in Sources */,
				916F06BC2A8274340C21CFA0 /* RecordingSession.swift in Sources */,
				39D56FE9D4CAFE5EBFCE5B25 /* SaveToast.swift in Sources */,
				6A09C41AEDF8BABE6B37CC9C /* SourcePickerView.swift in Sources */,
				54D88DE594AF97DCB829E9A8 /* SystemAudioRecorderApp.swift in Sources */,
				25D55ADDC63B39F79351F5E6 /* WAVWriter.swift in Sources */,
			);
			runOnlyForDeploymentPostprocessing = 0;
		};
/* End PBXSourcesBuildPhase section */

/* Begin PBXTargetDependency section */
		DC8E7760982FCF02B5724764 /* PBXTargetDependency */ = {
			isa = PBXTargetDependency;
			target = ECB8208C30C7F7B20A4C0121 /* SystemAudioRecorder */;
			targetProxy = 7EE7C8E85B6A5BF0E27B66BB /* PBXContainerItemProxy */;
		};
/* End PBXTargetDependency section */

/* Begin XCBuildConfiguration section */
		26007D195575E5E49A08AD4D /* Debug */ = {
			isa = XCBuildConfiguration;
			buildSettings = {
				ALWAYS_SEARCH_USER_PATHS = NO;
				ARCHS = arm64;
				CLANG_ANALYZER_NONNULL = YES;
				CLANG_ANALYZER_NUMBER_OBJECT_CONVERSION = YES_AGGRESSIVE;
				CLANG_CXX_LANGUAGE_STANDARD = "gnu++14";
				CLANG_CXX_LIBRARY = "libc++";
				CLANG_ENABLE_MODULES = YES;
				CLANG_ENABLE_OBJC_ARC = YES;
				CLANG_ENABLE_OBJC_WEAK = YES;
				CLANG_WARN_BLOCK_CAPTURE_AUTORELEASING = YES;
				CLANG_WARN_BOOL_CONVERSION = YES;
				CLANG_WARN_COMMA = YES;
				CLANG_WARN_CONSTANT_CONVERSION = YES;
				CLANG_WARN_DEPRECATED_OBJC_IMPLEMENTATIONS = YES;
				CLANG_WARN_DIRECT_OBJC_ISA_USAGE = YES_ERROR;
				CLANG_WARN_DOCUMENTATION_COMMENTS = YES;
				CLANG_WARN_EMPTY_BODY = YES;
				CLANG_WARN_ENUM_CONVERSION = YES;
				CLANG_WARN_INFINITE_RECURSION = YES;
				CLANG_WARN_INT_CONVERSION = YES;
				CLANG_WARN_NON_LITERAL_NULL_CONVERSION = YES;
				CLANG_WARN_OBJC_IMPLICIT_RETAIN_SELF = YES;
				CLANG_WARN_OBJC_LITERAL_CONVERSION = YES;
				CLANG_WARN_OBJC_ROOT_CLASS = YES_ERROR;
				CLANG_WARN_QUOTED_INCLUDE_IN_FRAMEWORK_HEADER = YES;
				CLANG_WARN_RANGE_LOOP_ANALYSIS = YES;
				CLANG_WARN_STRICT_PROTOTYPES = YES;
				CLANG_WARN_SUSPICIOUS_MOVE = YES;
				CLANG_WARN_UNGUARDED_AVAILABILITY = YES_AGGRESSIVE;
				CLANG_WARN_UNREACHABLE_CODE = YES;
				CLANG_WARN__DUPLICATE_METHOD_MATCH = YES;
				CODE_SIGN_IDENTITY = "-";
				CODE_SIGN_STYLE = Automatic;
				COPY_PHASE_STRIP = NO;
				DEBUG_INFORMATION_FORMAT = dwarf;
				DEVELOPMENT_TEAM = "";
				ENABLE_HARDENED_RUNTIME = YES;
				ENABLE_STRICT_OBJC_MSGSEND = YES;
				ENABLE_TESTABILITY = YES;
				GCC_C_LANGUAGE_STANDARD = gnu11;
				GCC_DYNAMIC_NO_PIC = NO;
				GCC_NO_COMMON_BLOCKS = YES;
				GCC_OPTIMIZATION_LEVEL = 0;
				GCC_PREPROCESSOR_DEFINITIONS = (
					"$(inherited)",
					"DEBUG=1",
				);
				GCC_TREAT_WARNINGS_AS_ERRORS = NO;
				GCC_WARN_64_TO_32_BIT_CONVERSION = YES;
				GCC_WARN_ABOUT_RETURN_TYPE = YES_ERROR;
				GCC_WARN_UNDECLARED_SELECTOR = YES;
				GCC_WARN_UNINITIALIZED_AUTOS = YES_AGGRESSIVE;
				GCC_WARN_UNUSED_FUNCTION = YES;
				GCC_WARN_UNUSED_VARIABLE = YES;
				GENERATE_INFOPLIST_FILE = NO;
				INFOPLIST_KEY_LSUIElement = NO;
				INFOPLIST_KEY_NSHumanReadableCopyright = "";
				MACOSX_DEPLOYMENT_TARGET = 14.4;
				MTL_ENABLE_DEBUG_INFO = INCLUDE_SOURCE;
				MTL_FAST_MATH = YES;
				ONLY_ACTIVE_ARCH = YES;
				PRODUCT_BUNDLE_IDENTIFIER = com.tomkaczocha.SystemAudioRecorder;
				PRODUCT_NAME = "$(TARGET_NAME)";
				SDKROOT = macosx;
				SWIFT_ACTIVE_COMPILATION_CONDITIONS = DEBUG;
				SWIFT_OPTIMIZATION_LEVEL = "-Onone";
				SWIFT_TREAT_WARNINGS_AS_ERRORS = NO;
				SWIFT_VERSION = 5.10;
			};
			name = Debug;
		};
		683598F401190883F3AFAFBC /* Debug */ = {
			isa = XCBuildConfiguration;
			buildSettings = {
				ASSETCATALOG_COMPILER_APPICON_NAME = AppIcon;
				CODE_SIGN_ENTITLEMENTS = Resources/SystemAudioRecorder.entitlements;
				COMBINE_HIDPI_IMAGES = YES;
				DEVELOPMENT_TEAM = 3TB6CJ6ZHV;
				FRAMEWORK_SEARCH_PATHS = (
					"$(inherited)",
					"\"Vendor\"",
				);
				INFOPLIST_FILE = Resources/Info.plist;
				LD_RUNPATH_SEARCH_PATHS = (
					"$(inherited)",
					"@executable_path/../Frameworks",
				);
				PRODUCT_BUNDLE_IDENTIFIER = com.tomkaczocha.SystemAudioRecorder;
				PRODUCT_NAME = SystemAudioRecorder;
				SDKROOT = macosx;
			};
			name = Debug;
		};
		865B00511EC184B09C19EB8B /* Release */ = {
			isa = XCBuildConfiguration;
			buildSettings = {
				ALWAYS_SEARCH_USER_PATHS = NO;
				ARCHS = (
					arm64,
					x86_64,
				);
				CLANG_ANALYZER_NONNULL = YES;
				CLANG_ANALYZER_NUMBER_OBJECT_CONVERSION = YES_AGGRESSIVE;
				CLANG_CXX_LANGUAGE_STANDARD = "gnu++14";
				CLANG_CXX_LIBRARY = "libc++";
				CLANG_ENABLE_MODULES = YES;
				CLANG_ENABLE_OBJC_ARC = YES;
				CLANG_ENABLE_OBJC_WEAK = YES;
				CLANG_WARN_BLOCK_CAPTURE_AUTORELEASING = YES;
				CLANG_WARN_BOOL_CONVERSION = YES;
				CLANG_WARN_COMMA = YES;
				CLANG_WARN_CONSTANT_CONVERSION = YES;
				CLANG_WARN_DEPRECATED_OBJC_IMPLEMENTATIONS = YES;
				CLANG_WARN_DIRECT_OBJC_ISA_USAGE = YES_ERROR;
				CLANG_WARN_DOCUMENTATION_COMMENTS = YES;
				CLANG_WARN_EMPTY_BODY = YES;
				CLANG_WARN_ENUM_CONVERSION = YES;
				CLANG_WARN_INFINITE_RECURSION = YES;
				CLANG_WARN_INT_CONVERSION = YES;
				CLANG_WARN_NON_LITERAL_NULL_CONVERSION = YES;
				CLANG_WARN_OBJC_IMPLICIT_RETAIN_SELF = YES;
				CLANG_WARN_OBJC_LITERAL_CONVERSION = YES;
				CLANG_WARN_OBJC_ROOT_CLASS = YES_ERROR;
				CLANG_WARN_QUOTED_INCLUDE_IN_FRAMEWORK_HEADER = YES;
				CLANG_WARN_RANGE_LOOP_ANALYSIS = YES;
				CLANG_WARN_STRICT_PROTOTYPES = YES;
				CLANG_WARN_SUSPICIOUS_MOVE = YES;
				CLANG_WARN_UNGUARDED_AVAILABILITY = YES_AGGRESSIVE;
				CLANG_WARN_UNREACHABLE_CODE = YES;
				CLANG_WARN__DUPLICATE_METHOD_MATCH = YES;
				CODE_SIGN_IDENTITY = "-";
				CODE_SIGN_STYLE = Automatic;
				COPY_PHASE_STRIP = NO;
				DEBUG_INFORMATION_FORMAT = "dwarf-with-dsym";
				DEVELOPMENT_TEAM = "";
				ENABLE_HARDENED_RUNTIME = YES;
				ENABLE_NS_ASSERTIONS = NO;
				ENABLE_STRICT_OBJC_MSGSEND = YES;
				GCC_C_LANGUAGE_STANDARD = gnu11;
				GCC_NO_COMMON_BLOCKS = YES;
				GCC_TREAT_WARNINGS_AS_ERRORS = NO;
				GCC_WARN_64_TO_32_BIT_CONVERSION = YES;
				GCC_WARN_ABOUT_RETURN_TYPE = YES_ERROR;
				GCC_WARN_UNDECLARED_SELECTOR = YES;
				GCC_WARN_UNINITIALIZED_AUTOS = YES_AGGRESSIVE;
				GCC_WARN_UNUSED_FUNCTION = YES;
				GCC_WARN_UNUSED_VARIABLE = YES;
				GENERATE_INFOPLIST_FILE = NO;
				INFOPLIST_KEY_LSUIElement = NO;
				INFOPLIST_KEY_NSHumanReadableCopyright = "";
				MACOSX_DEPLOYMENT_TARGET = 14.4;
				MTL_ENABLE_DEBUG_INFO = NO;
				MTL_FAST_MATH = YES;
				ONLY_ACTIVE_ARCH = NO;
				PRODUCT_BUNDLE_IDENTIFIER = com.tomkaczocha.SystemAudioRecorder;
				PRODUCT_NAME = "$(TARGET_NAME)";
				SDKROOT = macosx;
				SWIFT_COMPILATION_MODE = wholemodule;
				SWIFT_OPTIMIZATION_LEVEL = "-O";
				SWIFT_TREAT_WARNINGS_AS_ERRORS = NO;
				SWIFT_VERSION = 5.10;
			};
			name = Release;
		};
		ABA5A355A88E4FC553BAD70B /* Release */ = {
			isa = XCBuildConfiguration;
			buildSettings = {
				ASSETCATALOG_COMPILER_APPICON_NAME = AppIcon;
				CODE_SIGN_ENTITLEMENTS = Resources/SystemAudioRecorder.entitlements;
				CODE_SIGN_IDENTITY = "Apple Development";
				"CODE_SIGN_IDENTITY[sdk=macosx*]" = "-";
				CODE_SIGN_STYLE = Automatic;
				COMBINE_HIDPI_IMAGES = YES;
				DEVELOPMENT_TEAM = 3TB6CJ6ZHV;
				ENABLE_HARDENED_RUNTIME = YES;
				FRAMEWORK_SEARCH_PATHS = (
					"$(inherited)",
					"\"Vendor\"",
				);
				INFOPLIST_FILE = Resources/Info.plist;
				LD_RUNPATH_SEARCH_PATHS = (
					"$(inherited)",
					"@executable_path/../Frameworks",
				);
				OTHER_CODE_SIGN_FLAGS = "--timestamp --options runtime";
				PRODUCT_BUNDLE_IDENTIFIER = com.tomkaczocha.SystemAudioRecorder;
				PRODUCT_NAME = SystemAudioRecorder;
				PROVISIONING_PROFILE_SPECIFIER = "";
				SDKROOT = macosx;
			};
			name = Release;
		};
		C1E23444D26D1911598C46A1 /* Debug */ = {
			isa = XCBuildConfiguration;
			buildSettings = {
				BUNDLE_LOADER = "$(TEST_HOST)";
				COMBINE_HIDPI_IMAGES = YES;
				GENERATE_INFOPLIST_FILE = YES;
				LD_RUNPATH_SEARCH_PATHS = (
					"$(inherited)",
					"@executable_path/../Frameworks",
					"@loader_path/../Frameworks",
				);
				MACOSX_DEPLOYMENT_TARGET = 14.4;
				PRODUCT_BUNDLE_IDENTIFIER = com.tomkaczocha.AudioEngineTests;
				SDKROOT = macosx;
				TEST_HOST = "$(BUILT_PRODUCTS_DIR)/SystemAudioRecorder.app/Contents/MacOS/SystemAudioRecorder";
			};
			name = Debug;
		};
		FD6AF48532B3FD2ADEE3F052 /* Release */ = {
			isa = XCBuildConfiguration;
			buildSettings = {
				BUNDLE_LOADER = "$(TEST_HOST)";
				COMBINE_HIDPI_IMAGES = YES;
				GENERATE_INFOPLIST_FILE = YES;
				LD_RUNPATH_SEARCH_PATHS = (
					"$(inherited)",
					"@executable_path/../Frameworks",
					"@loader_path/../Frameworks",
				);
				MACOSX_DEPLOYMENT_TARGET = 14.4;
				PRODUCT_BUNDLE_IDENTIFIER = com.tomkaczocha.AudioEngineTests;
				SDKROOT = macosx;
				TEST_HOST = "$(BUILT_PRODUCTS_DIR)/SystemAudioRecorder.app/Contents/MacOS/SystemAudioRecorder";
			};
			name = Release;
		};
/* End XCBuildConfiguration section */

/* Begin XCConfigurationList section */
		22FC5320576896EC49BDC3BF /* Build configuration list for PBXNativeTarget "SystemAudioRecorder" */ = {
			isa = XCConfigurationList;
			buildConfigurations = (
				683598F401190883F3AFAFBC /* Debug */,
				ABA5A355A88E4FC553BAD70B /* Release */,
			);
			defaultConfigurationIsVisible = 0;
			defaultConfigurationName = Debug;
		};
		6417146724C33CD2CD8E67EB /* Build configuration list for PBXProject "SystemAudioRecorder" */ = {
			isa = XCConfigurationList;
			buildConfigurations = (
				26007D195575E5E49A08AD4D /* Debug */,
				865B00511EC184B09C19EB8B /* Release */,
			);
			defaultConfigurationIsVisible = 0;
			defaultConfigurationName = Debug;
		};
		64FA97434FAD9BC928BB9FBA /* Build configuration list for PBXNativeTarget "AudioEngineTests" */ = {
			isa = XCConfigurationList;
			buildConfigurations = (
				C1E23444D26D1911598C46A1 /* Debug */,
				FD6AF48532B3FD2ADEE3F052 /* Release */,
			);
			defaultConfigurationIsVisible = 0;
			defaultConfigurationName = Debug;
		};
/* End XCConfigurationList section */

/* Begin XCRemoteSwiftPackageReference section */
		E66EB0A5F5CE1E0D26B2FE53 /* XCRemoteSwiftPackageReference "KeyboardShortcuts" */ = {
			isa = XCRemoteSwiftPackageReference;
			repositoryURL = "https://github.com/sindresorhus/KeyboardShortcuts";
			requirement = {
				kind = upToNextMajorVersion;
				minimumVersion = 2.0.0;
			};
		};
/* End XCRemoteSwiftPackageReference section */

/* Begin XCSwiftPackageProductDependency section */
		57A92AA3B82C9CA9063CE6CC /* KeyboardShortcuts */ = {
			isa = XCSwiftPackageProductDependency;
			package = E66EB0A5F5CE1E0D26B2FE53 /* XCRemoteSwiftPackageReference "KeyboardShortcuts" */;
			productName = KeyboardShortcuts;
		};
/* End XCSwiftPackageProductDependency section */
	};
	rootObject = D4D1D2BCAB8BA1D32F030E81 /* Project object */;
}
